// !$*UTF8*$!
{
	archiveVersion = 1;
	classes = {
	};
	objectVersion = 51;
	objects = {

/* Begin PBXBuildFile section */
		6F10B8A92750F22600D6107A /* Alertable.swift in Sources */ = {isa = PBXBuildFile; fileRef = 6F10B8A82750F22600D6107A /* Alertable.swift */; };
		6F41971F27676F2500B220AB /* InfoModule.swift in Sources */ = {isa = PBXBuildFile; fileRef = 6F41971C27676F2500B220AB /* InfoModule.swift */; };
		6F41972027676F2500B220AB /* InfoPresenter.swift in Sources */ = {isa = PBXBuildFile; fileRef = 6F41971D27676F2500B220AB /* InfoPresenter.swift */; };
		6F41972127676F2500B220AB /* InfoViewController.swift in Sources */ = {isa = PBXBuildFile; fileRef = 6F41971E27676F2500B220AB /* InfoViewController.swift */; };
		6F41972327676F3100B220AB /* Info.storyboard in Resources */ = {isa = PBXBuildFile; fileRef = 6F41972227676F3100B220AB /* Info.storyboard */; };
		6F41973B276BA4B400B220AB /* ValidationRules.swift in Sources */ = {isa = PBXBuildFile; fileRef = 6F419738276BA4B400B220AB /* ValidationRules.swift */; };
		6F41973C276BA4B400B220AB /* ValidatableController.swift in Sources */ = {isa = PBXBuildFile; fileRef = 6F419739276BA4B400B220AB /* ValidatableController.swift */; };
		6F41973D276BA4B400B220AB /* Validation.swift in Sources */ = {isa = PBXBuildFile; fileRef = 6F41973A276BA4B400B220AB /* Validation.swift */; };
		6F41973F276BA58600B220AB /* DescriptionedView.swift in Sources */ = {isa = PBXBuildFile; fileRef = 6F41973E276BA58600B220AB /* DescriptionedView.swift */; };
		6F419741276BA6BC00B220AB /* InputFieldControl.swift in Sources */ = {isa = PBXBuildFile; fileRef = 6F419740276BA6BC00B220AB /* InputFieldControl.swift */; };
		6F437B5A273EA1480069B47E /* UIViewController.swift in Sources */ = {isa = PBXBuildFile; fileRef = 6F437B59273EA1480069B47E /* UIViewController.swift */; };
		6F437B61273FD9720069B47E /* SignUpModule.swift in Sources */ = {isa = PBXBuildFile; fileRef = 6F437B5E273FD9720069B47E /* SignUpModule.swift */; };
		6F437B62273FD9720069B47E /* SignUpPresenter.swift in Sources */ = {isa = PBXBuildFile; fileRef = 6F437B5F273FD9720069B47E /* SignUpPresenter.swift */; };
		6F437B63273FD9720069B47E /* SignUpViewController.swift in Sources */ = {isa = PBXBuildFile; fileRef = 6F437B60273FD9720069B47E /* SignUpViewController.swift */; };
		6F437B65273FD97D0069B47E /* SignUp.storyboard in Resources */ = {isa = PBXBuildFile; fileRef = 6F437B64273FD97D0069B47E /* SignUp.storyboard */; };
		6F437B752742650B0069B47E /* Localizable.strings in Resources */ = {isa = PBXBuildFile; fileRef = 6F437B772742650B0069B47E /* Localizable.strings */; };
		6F6D6F60278DA1290090D2FF /* DreamField.swift in Sources */ = {isa = PBXBuildFile; fileRef = 6F6D6F5F278DA1290090D2FF /* DreamField.swift */; };
		6F9C45A22754F96B0039BBD4 /* ListTableViewCell.swift in Sources */ = {isa = PBXBuildFile; fileRef = 6F9C45A02754F96B0039BBD4 /* ListTableViewCell.swift */; };
		6F9C45A32754F96B0039BBD4 /* ListTableViewCell.xib in Resources */ = {isa = PBXBuildFile; fileRef = 6F9C45A12754F96B0039BBD4 /* ListTableViewCell.xib */; };
		6F9C45A82754FEF70039BBD4 /* DreamListSection.swift in Sources */ = {isa = PBXBuildFile; fileRef = 6F9C45A72754FEF70039BBD4 /* DreamListSection.swift */; };
		6FA591222754C51D00F7E204 /* PendingTableViewCell.swift in Sources */ = {isa = PBXBuildFile; fileRef = 6FA591202754C51D00F7E204 /* PendingTableViewCell.swift */; };
		6FA591232754C51D00F7E204 /* PendingTableViewCell.xib in Resources */ = {isa = PBXBuildFile; fileRef = 6FA591212754C51D00F7E204 /* PendingTableViewCell.xib */; };
		6FA591282754C62600F7E204 /* TableView.swift in Sources */ = {isa = PBXBuildFile; fileRef = 6FA591272754C62600F7E204 /* TableView.swift */; };
		6FA5912A2754C65300F7E204 /* ReusableView.swift in Sources */ = {isa = PBXBuildFile; fileRef = 6FA591292754C65300F7E204 /* ReusableView.swift */; };
		6FA5912C2754C68600F7E204 /* NibLoadedView.swift in Sources */ = {isa = PBXBuildFile; fileRef = 6FA5912B2754C68600F7E204 /* NibLoadedView.swift */; };
		6FA591322754DA2900F7E204 /* DreamTableViewCell.swift in Sources */ = {isa = PBXBuildFile; fileRef = 6FA591302754DA2900F7E204 /* DreamTableViewCell.swift */; };
		6FA591332754DA2900F7E204 /* DreamTableViewCell.xib in Resources */ = {isa = PBXBuildFile; fileRef = 6FA591312754DA2900F7E204 /* DreamTableViewCell.xib */; };
		6FA591382754F1C300F7E204 /* Core.framework in Frameworks */ = {isa = PBXBuildFile; fileRef = 6FBF49D8273E8DAC00825776 /* Core.framework */; };
		6FA591392754F1C300F7E204 /* Core.framework in Embed Frameworks */ = {isa = PBXBuildFile; fileRef = 6FBF49D8273E8DAC00825776 /* Core.framework */; settings = {ATTRIBUTES = (CodeSignOnCopy, RemoveHeadersOnCopy, ); }; };
		6FA5913A2754F1C400F7E204 /* Service.framework in Frameworks */ = {isa = PBXBuildFile; fileRef = 6FBF49DF273E8DC000825776 /* Service.framework */; };
		6FA5913B2754F1C400F7E204 /* Service.framework in Embed Frameworks */ = {isa = PBXBuildFile; fileRef = 6FBF49DF273E8DC000825776 /* Service.framework */; settings = {ATTRIBUTES = (CodeSignOnCopy, RemoveHeadersOnCopy, ); }; };
		6FA5913C2754F1C500F7E204 /* UIComponents.framework in Frameworks */ = {isa = PBXBuildFile; fileRef = 6FBF49E2273E8DC700825776 /* UIComponents.framework */; };
		6FA5913D2754F1C500F7E204 /* UIComponents.framework in Embed Frameworks */ = {isa = PBXBuildFile; fileRef = 6FBF49E2273E8DC700825776 /* UIComponents.framework */; settings = {ATTRIBUTES = (CodeSignOnCopy, RemoveHeadersOnCopy, ); }; };
		6FBAA8E9274E70A400AAF852 /* BooksModule.swift in Sources */ = {isa = PBXBuildFile; fileRef = 6FBAA8E6274E70A400AAF852 /* BooksModule.swift */; };
		6FBAA8EA274E70A400AAF852 /* BooksPresenter.swift in Sources */ = {isa = PBXBuildFile; fileRef = 6FBAA8E7274E70A400AAF852 /* BooksPresenter.swift */; };
		6FBAA8EB274E70A400AAF852 /* BooksViewController.swift in Sources */ = {isa = PBXBuildFile; fileRef = 6FBAA8E8274E70A400AAF852 /* BooksViewController.swift */; };
		6FBAA8ED274E70AE00AAF852 /* Books.storyboard in Resources */ = {isa = PBXBuildFile; fileRef = 6FBAA8EC274E70AE00AAF852 /* Books.storyboard */; };
		6FBF495D273D45D200825776 /* AppDelegate.swift in Sources */ = {isa = PBXBuildFile; fileRef = 6FBF495C273D45D200825776 /* AppDelegate.swift */; };
		6FBF495F273D45D200825776 /* SceneDelegate.swift in Sources */ = {isa = PBXBuildFile; fileRef = 6FBF495E273D45D200825776 /* SceneDelegate.swift */; };
		6FBF4967273D45D200825776 /* Application.xcdatamodeld in Sources */ = {isa = PBXBuildFile; fileRef = 6FBF4965273D45D200825776 /* Application.xcdatamodeld */; };
		6FBF4969273D45D400825776 /* Assets.xcassets in Resources */ = {isa = PBXBuildFile; fileRef = 6FBF4968273D45D400825776 /* Assets.xcassets */; };
		6FBF496C273D45D400825776 /* LaunchScreen.storyboard in Resources */ = {isa = PBXBuildFile; fileRef = 6FBF496A273D45D400825776 /* LaunchScreen.storyboard */; };
		6FBF49B8273E682A00825776 /* UIStoryboard+Extensions.swift in Sources */ = {isa = PBXBuildFile; fileRef = 6FBF49B7273E682A00825776 /* UIStoryboard+Extensions.swift */; };
		6FBF49BB273E686400825776 /* Storyboards.swift in Sources */ = {isa = PBXBuildFile; fileRef = 6FBF49BA273E686400825776 /* Storyboards.swift */; };
		6FBF49C1273E68C000825776 /* SplashModule.swift in Sources */ = {isa = PBXBuildFile; fileRef = 6FBF49BE273E68C000825776 /* SplashModule.swift */; };
		6FBF49C2273E68C000825776 /* SplashPresenter.swift in Sources */ = {isa = PBXBuildFile; fileRef = 6FBF49BF273E68C000825776 /* SplashPresenter.swift */; };
		6FBF49C3273E68C000825776 /* SplashViewController.swift in Sources */ = {isa = PBXBuildFile; fileRef = 6FBF49C0273E68C000825776 /* SplashViewController.swift */; };
		6FBF49C5273E68CA00825776 /* Splash.storyboard in Resources */ = {isa = PBXBuildFile; fileRef = 6FBF49C4273E68CA00825776 /* Splash.storyboard */; };
		6FBF49C8273E692600825776 /* BaseViewController.swift in Sources */ = {isa = PBXBuildFile; fileRef = 6FBF49C7273E692600825776 /* BaseViewController.swift */; };
		6FBF49CB273E84E400825776 /* SwiftLintRules.swift in Sources */ = {isa = PBXBuildFile; fileRef = 6FBF49CA273E84E400825776 /* SwiftLintRules.swift */; };
		6FBF49D0273E8B6600825776 /* LoginModule.swift in Sources */ = {isa = PBXBuildFile; fileRef = 6FBF49CD273E8B6600825776 /* LoginModule.swift */; };
		6FBF49D1273E8B6600825776 /* LoginPresenter.swift in Sources */ = {isa = PBXBuildFile; fileRef = 6FBF49CE273E8B6600825776 /* LoginPresenter.swift */; };
		6FBF49D2273E8B6600825776 /* LoginViewController.swift in Sources */ = {isa = PBXBuildFile; fileRef = 6FBF49CF273E8B6600825776 /* LoginViewController.swift */; };
		6FBF49D4273E8B7000825776 /* Login.storyboard in Resources */ = {isa = PBXBuildFile; fileRef = 6FBF49D3273E8B7000825776 /* Login.storyboard */; };
		6FBF49DD273E8DB900825776 /* Pods_Application.framework in Frameworks */ = {isa = PBXBuildFile; fileRef = 6FBF49DC273E8DB900825776 /* Pods_Application.framework */; };
		6FD1FB242784838C00E2305B /* Loadable.swift in Sources */ = {isa = PBXBuildFile; fileRef = 6FD1FB232784838C00E2305B /* Loadable.swift */; };
		6FDD7E7327428B0C006ACBA6 /* Home.storyboard in Resources */ = {isa = PBXBuildFile; fileRef = 6FDD7E7227428B0C006ACBA6 /* Home.storyboard */; };
		6FDD7E7827428EA4006ACBA6 /* HomeTabbarModule.swift in Sources */ = {isa = PBXBuildFile; fileRef = 6FDD7E7527428EA4006ACBA6 /* HomeTabbarModule.swift */; };
		6FDD7E7927428EA4006ACBA6 /* HomeTabbarPresenter.swift in Sources */ = {isa = PBXBuildFile; fileRef = 6FDD7E7627428EA4006ACBA6 /* HomeTabbarPresenter.swift */; };
		6FDD7E7A27428EA4006ACBA6 /* HomeTabbarViewController.swift in Sources */ = {isa = PBXBuildFile; fileRef = 6FDD7E7727428EA4006ACBA6 /* HomeTabbarViewController.swift */; };
		6FDD7E7E27429417006ACBA6 /* HomeScreenModule.swift in Sources */ = {isa = PBXBuildFile; fileRef = 6FDD7E7B27429417006ACBA6 /* HomeScreenModule.swift */; };
		6FDD7E7F27429417006ACBA6 /* HomeScreenPresenter.swift in Sources */ = {isa = PBXBuildFile; fileRef = 6FDD7E7C27429417006ACBA6 /* HomeScreenPresenter.swift */; };
		6FDD7E8027429417006ACBA6 /* HomeScreenViewController.swift in Sources */ = {isa = PBXBuildFile; fileRef = 6FDD7E7D27429417006ACBA6 /* HomeScreenViewController.swift */; };
		6FDD7E8527429471006ACBA6 /* StoreScreenModule.swift in Sources */ = {isa = PBXBuildFile; fileRef = 6FDD7E8227429471006ACBA6 /* StoreScreenModule.swift */; };
		6FDD7E8627429471006ACBA6 /* StoreScreenPresenter.swift in Sources */ = {isa = PBXBuildFile; fileRef = 6FDD7E8327429471006ACBA6 /* StoreScreenPresenter.swift */; };
		6FDD7E8727429471006ACBA6 /* StoreScreenViewController.swift in Sources */ = {isa = PBXBuildFile; fileRef = 6FDD7E8427429471006ACBA6 /* StoreScreenViewController.swift */; };
		6FDD7E8C27429666006ACBA6 /* InboxModule.swift in Sources */ = {isa = PBXBuildFile; fileRef = 6FDD7E8927429666006ACBA6 /* InboxModule.swift */; };
		6FDD7E8D27429666006ACBA6 /* InboxPresenter.swift in Sources */ = {isa = PBXBuildFile; fileRef = 6FDD7E8A27429666006ACBA6 /* InboxPresenter.swift */; };
		6FDD7E8E27429666006ACBA6 /* InboxViewController.swift in Sources */ = {isa = PBXBuildFile; fileRef = 6FDD7E8B27429666006ACBA6 /* InboxViewController.swift */; };
		6FDD7E962743D298006ACBA6 /* NavbarCustomizable.swift in Sources */ = {isa = PBXBuildFile; fileRef = 6FDD7E952743D298006ACBA6 /* NavbarCustomizable.swift */; };
		6FDD7E992743D3E5006ACBA6 /* Globals.swift in Sources */ = {isa = PBXBuildFile; fileRef = 6FDD7E982743D3E5006ACBA6 /* Globals.swift */; };
		6FDD7EA22745428F006ACBA6 /* DreamWritingModule.swift in Sources */ = {isa = PBXBuildFile; fileRef = 6FDD7E9F2745428F006ACBA6 /* DreamWritingModule.swift */; };
		6FDD7EA32745428F006ACBA6 /* DreamWritingPresenter.swift in Sources */ = {isa = PBXBuildFile; fileRef = 6FDD7EA02745428F006ACBA6 /* DreamWritingPresenter.swift */; };
		6FDD7EA42745428F006ACBA6 /* DreamWritingViewController.swift in Sources */ = {isa = PBXBuildFile; fileRef = 6FDD7EA12745428F006ACBA6 /* DreamWritingViewController.swift */; };
		6FDD7EA627454365006ACBA6 /* DreamWriting.storyboard in Resources */ = {isa = PBXBuildFile; fileRef = 6FDD7EA527454365006ACBA6 /* DreamWriting.storyboard */; };
		6FE3FE802757A7A70011AFC7 /* BookInformationModule.swift in Sources */ = {isa = PBXBuildFile; fileRef = 6FE3FE7D2757A7A70011AFC7 /* BookInformationModule.swift */; };
		6FE3FE812757A7A70011AFC7 /* BookInformationPresenter.swift in Sources */ = {isa = PBXBuildFile; fileRef = 6FE3FE7E2757A7A70011AFC7 /* BookInformationPresenter.swift */; };
		6FE3FE822757A7A70011AFC7 /* BookInformationViewController.swift in Sources */ = {isa = PBXBuildFile; fileRef = 6FE3FE7F2757A7A70011AFC7 /* BookInformationViewController.swift */; };
		6FE3FE842757A7C00011AFC7 /* BookInformation.storyboard in Resources */ = {isa = PBXBuildFile; fileRef = 6FE3FE832757A7C00011AFC7 /* BookInformation.storyboard */; };
/* End PBXBuildFile section */

/* Begin PBXCopyFilesBuildPhase section */
		6FA591372754F1B800F7E204 /* Embed Frameworks */ = {
			isa = PBXCopyFilesBuildPhase;
			buildActionMask = 2147483647;
			dstPath = "";
			dstSubfolderSpec = 10;
			files = (
				6FA5913B2754F1C400F7E204 /* Service.framework in Embed Frameworks */,
				6FA5913D2754F1C500F7E204 /* UIComponents.framework in Embed Frameworks */,
				6FA591392754F1C300F7E204 /* Core.framework in Embed Frameworks */,
			);
			name = "Embed Frameworks";
			runOnlyForDeploymentPostprocessing = 0;
		};
/* End PBXCopyFilesBuildPhase section */

/* Begin PBXFileReference section */
		18E5A901BB56A002B373E971 /* Pods-Application.debug.xcconfig */ = {isa = PBXFileReference; includeInIndex = 1; lastKnownFileType = text.xcconfig; name = "Pods-Application.debug.xcconfig"; path = "Target Support Files/Pods-Application/Pods-Application.debug.xcconfig"; sourceTree = "<group>"; };
		6DF7C42A40AB4437C155133D /* Pods_Application.framework */ = {isa = PBXFileReference; explicitFileType = wrapper.framework; includeInIndex = 0; path = Pods_Application.framework; sourceTree = BUILT_PRODUCTS_DIR; };
		6F10B8A82750F22600D6107A /* Alertable.swift */ = {isa = PBXFileReference; lastKnownFileType = sourcecode.swift; path = Alertable.swift; sourceTree = "<group>"; };
		6F41971C27676F2500B220AB /* InfoModule.swift */ = {isa = PBXFileReference; lastKnownFileType = sourcecode.swift; path = InfoModule.swift; sourceTree = "<group>"; };
		6F41971D27676F2500B220AB /* InfoPresenter.swift */ = {isa = PBXFileReference; lastKnownFileType = sourcecode.swift; path = InfoPresenter.swift; sourceTree = "<group>"; };
		6F41971E27676F2500B220AB /* InfoViewController.swift */ = {isa = PBXFileReference; lastKnownFileType = sourcecode.swift; path = InfoViewController.swift; sourceTree = "<group>"; };
		6F41972227676F3100B220AB /* Info.storyboard */ = {isa = PBXFileReference; lastKnownFileType = file.storyboard; path = Info.storyboard; sourceTree = "<group>"; };
		6F419738276BA4B400B220AB /* ValidationRules.swift */ = {isa = PBXFileReference; fileEncoding = 4; lastKnownFileType = sourcecode.swift; path = ValidationRules.swift; sourceTree = "<group>"; };
		6F419739276BA4B400B220AB /* ValidatableController.swift */ = {isa = PBXFileReference; fileEncoding = 4; lastKnownFileType = sourcecode.swift; path = ValidatableController.swift; sourceTree = "<group>"; };
		6F41973A276BA4B400B220AB /* Validation.swift */ = {isa = PBXFileReference; fileEncoding = 4; lastKnownFileType = sourcecode.swift; path = Validation.swift; sourceTree = "<group>"; };
		6F41973E276BA58600B220AB /* DescriptionedView.swift */ = {isa = PBXFileReference; lastKnownFileType = sourcecode.swift; path = DescriptionedView.swift; sourceTree = "<group>"; };
		6F419740276BA6BC00B220AB /* InputFieldControl.swift */ = {isa = PBXFileReference; lastKnownFileType = sourcecode.swift; path = InputFieldControl.swift; sourceTree = "<group>"; };
		6F437B59273EA1480069B47E /* UIViewController.swift */ = {isa = PBXFileReference; lastKnownFileType = sourcecode.swift; path = UIViewController.swift; sourceTree = "<group>"; };
		6F437B5E273FD9720069B47E /* SignUpModule.swift */ = {isa = PBXFileReference; lastKnownFileType = sourcecode.swift; path = SignUpModule.swift; sourceTree = "<group>"; };
		6F437B5F273FD9720069B47E /* SignUpPresenter.swift */ = {isa = PBXFileReference; lastKnownFileType = sourcecode.swift; path = SignUpPresenter.swift; sourceTree = "<group>"; };
		6F437B60273FD9720069B47E /* SignUpViewController.swift */ = {isa = PBXFileReference; lastKnownFileType = sourcecode.swift; path = SignUpViewController.swift; sourceTree = "<group>"; };
		6F437B64273FD97D0069B47E /* SignUp.storyboard */ = {isa = PBXFileReference; lastKnownFileType = file.storyboard; path = SignUp.storyboard; sourceTree = "<group>"; };
		6F437B762742650B0069B47E /* en */ = {isa = PBXFileReference; lastKnownFileType = text.plist.strings; name = en; path = en.lproj/Localizable.strings; sourceTree = "<group>"; };
		6F437B78274265CC0069B47E /* tr */ = {isa = PBXFileReference; lastKnownFileType = text.plist.strings; name = tr; path = tr.lproj/Localizable.strings; sourceTree = "<group>"; };
		6F6D6F5F278DA1290090D2FF /* DreamField.swift */ = {isa = PBXFileReference; lastKnownFileType = sourcecode.swift; path = DreamField.swift; sourceTree = "<group>"; };
		6F9C45A02754F96B0039BBD4 /* ListTableViewCell.swift */ = {isa = PBXFileReference; lastKnownFileType = sourcecode.swift; path = ListTableViewCell.swift; sourceTree = "<group>"; };
		6F9C45A12754F96B0039BBD4 /* ListTableViewCell.xib */ = {isa = PBXFileReference; lastKnownFileType = file.xib; path = ListTableViewCell.xib; sourceTree = "<group>"; };
		6F9C45A72754FEF70039BBD4 /* DreamListSection.swift */ = {isa = PBXFileReference; lastKnownFileType = sourcecode.swift; path = DreamListSection.swift; sourceTree = "<group>"; };
		6FA591202754C51D00F7E204 /* PendingTableViewCell.swift */ = {isa = PBXFileReference; lastKnownFileType = sourcecode.swift; path = PendingTableViewCell.swift; sourceTree = "<group>"; };
		6FA591212754C51D00F7E204 /* PendingTableViewCell.xib */ = {isa = PBXFileReference; lastKnownFileType = file.xib; path = PendingTableViewCell.xib; sourceTree = "<group>"; };
		6FA591272754C62600F7E204 /* TableView.swift */ = {isa = PBXFileReference; lastKnownFileType = sourcecode.swift; path = TableView.swift; sourceTree = "<group>"; };
		6FA591292754C65300F7E204 /* ReusableView.swift */ = {isa = PBXFileReference; lastKnownFileType = sourcecode.swift; path = ReusableView.swift; sourceTree = "<group>"; };
		6FA5912B2754C68600F7E204 /* NibLoadedView.swift */ = {isa = PBXFileReference; lastKnownFileType = sourcecode.swift; path = NibLoadedView.swift; sourceTree = "<group>"; };
		6FA591302754DA2900F7E204 /* DreamTableViewCell.swift */ = {isa = PBXFileReference; lastKnownFileType = sourcecode.swift; path = DreamTableViewCell.swift; sourceTree = "<group>"; };
		6FA591312754DA2900F7E204 /* DreamTableViewCell.xib */ = {isa = PBXFileReference; lastKnownFileType = file.xib; path = DreamTableViewCell.xib; sourceTree = "<group>"; };
		6FBAA8E6274E70A400AAF852 /* BooksModule.swift */ = {isa = PBXFileReference; lastKnownFileType = sourcecode.swift; path = BooksModule.swift; sourceTree = "<group>"; };
		6FBAA8E7274E70A400AAF852 /* BooksPresenter.swift */ = {isa = PBXFileReference; lastKnownFileType = sourcecode.swift; path = BooksPresenter.swift; sourceTree = "<group>"; };
		6FBAA8E8274E70A400AAF852 /* BooksViewController.swift */ = {isa = PBXFileReference; lastKnownFileType = sourcecode.swift; path = BooksViewController.swift; sourceTree = "<group>"; };
		6FBAA8EC274E70AE00AAF852 /* Books.storyboard */ = {isa = PBXFileReference; lastKnownFileType = file.storyboard; path = Books.storyboard; sourceTree = "<group>"; };
		6FBF4959273D45D200825776 /* Application.app */ = {isa = PBXFileReference; explicitFileType = wrapper.application; includeInIndex = 0; path = Application.app; sourceTree = BUILT_PRODUCTS_DIR; };
		6FBF495C273D45D200825776 /* AppDelegate.swift */ = {isa = PBXFileReference; lastKnownFileType = sourcecode.swift; path = AppDelegate.swift; sourceTree = "<group>"; };
		6FBF495E273D45D200825776 /* SceneDelegate.swift */ = {isa = PBXFileReference; lastKnownFileType = sourcecode.swift; path = SceneDelegate.swift; sourceTree = "<group>"; };
		6FBF4966273D45D200825776 /* Application.xcdatamodel */ = {isa = PBXFileReference; lastKnownFileType = wrapper.xcdatamodel; path = Application.xcdatamodel; sourceTree = "<group>"; };
		6FBF4968273D45D400825776 /* Assets.xcassets */ = {isa = PBXFileReference; lastKnownFileType = folder.assetcatalog; path = Assets.xcassets; sourceTree = "<group>"; };
		6FBF496B273D45D400825776 /* Base */ = {isa = PBXFileReference; lastKnownFileType = file.storyboard; name = Base; path = Base.lproj/LaunchScreen.storyboard; sourceTree = "<group>"; };
		6FBF496D273D45D400825776 /* Info.plist */ = {isa = PBXFileReference; lastKnownFileType = text.plist.xml; path = Info.plist; sourceTree = "<group>"; };
		6FBF49B7273E682A00825776 /* UIStoryboard+Extensions.swift */ = {isa = PBXFileReference; lastKnownFileType = sourcecode.swift; path = "UIStoryboard+Extensions.swift"; sourceTree = "<group>"; };
		6FBF49BA273E686400825776 /* Storyboards.swift */ = {isa = PBXFileReference; lastKnownFileType = sourcecode.swift; path = Storyboards.swift; sourceTree = "<group>"; };
		6FBF49BE273E68C000825776 /* SplashModule.swift */ = {isa = PBXFileReference; lastKnownFileType = sourcecode.swift; path = SplashModule.swift; sourceTree = "<group>"; };
		6FBF49BF273E68C000825776 /* SplashPresenter.swift */ = {isa = PBXFileReference; lastKnownFileType = sourcecode.swift; path = SplashPresenter.swift; sourceTree = "<group>"; };
		6FBF49C0273E68C000825776 /* SplashViewController.swift */ = {isa = PBXFileReference; lastKnownFileType = sourcecode.swift; path = SplashViewController.swift; sourceTree = "<group>"; };
		6FBF49C4273E68CA00825776 /* Splash.storyboard */ = {isa = PBXFileReference; lastKnownFileType = file.storyboard; path = Splash.storyboard; sourceTree = "<group>"; };
		6FBF49C7273E692600825776 /* BaseViewController.swift */ = {isa = PBXFileReference; lastKnownFileType = sourcecode.swift; path = BaseViewController.swift; sourceTree = "<group>"; };
		6FBF49CA273E84E400825776 /* SwiftLintRules.swift */ = {isa = PBXFileReference; lastKnownFileType = sourcecode.swift; path = SwiftLintRules.swift; sourceTree = "<group>"; };
		6FBF49CD273E8B6600825776 /* LoginModule.swift */ = {isa = PBXFileReference; lastKnownFileType = sourcecode.swift; path = LoginModule.swift; sourceTree = "<group>"; };
		6FBF49CE273E8B6600825776 /* LoginPresenter.swift */ = {isa = PBXFileReference; lastKnownFileType = sourcecode.swift; path = LoginPresenter.swift; sourceTree = "<group>"; };
		6FBF49CF273E8B6600825776 /* LoginViewController.swift */ = {isa = PBXFileReference; lastKnownFileType = sourcecode.swift; path = LoginViewController.swift; sourceTree = "<group>"; };
		6FBF49D3273E8B7000825776 /* Login.storyboard */ = {isa = PBXFileReference; lastKnownFileType = file.storyboard; path = Login.storyboard; sourceTree = "<group>"; };
		6FBF49D8273E8DAC00825776 /* Core.framework */ = {isa = PBXFileReference; explicitFileType = wrapper.framework; path = Core.framework; sourceTree = BUILT_PRODUCTS_DIR; };
		6FBF49DC273E8DB900825776 /* Pods_Application.framework */ = {isa = PBXFileReference; explicitFileType = wrapper.framework; path = Pods_Application.framework; sourceTree = BUILT_PRODUCTS_DIR; };
		6FBF49DF273E8DC000825776 /* Service.framework */ = {isa = PBXFileReference; explicitFileType = wrapper.framework; path = Service.framework; sourceTree = BUILT_PRODUCTS_DIR; };
		6FBF49E2273E8DC700825776 /* UIComponents.framework */ = {isa = PBXFileReference; explicitFileType = wrapper.framework; path = UIComponents.framework; sourceTree = BUILT_PRODUCTS_DIR; };
		6FD1FB232784838C00E2305B /* Loadable.swift */ = {isa = PBXFileReference; lastKnownFileType = sourcecode.swift; path = Loadable.swift; sourceTree = "<group>"; };
		6FDD7E7227428B0C006ACBA6 /* Home.storyboard */ = {isa = PBXFileReference; lastKnownFileType = file.storyboard; path = Home.storyboard; sourceTree = "<group>"; };
		6FDD7E7527428EA4006ACBA6 /* HomeTabbarModule.swift */ = {isa = PBXFileReference; lastKnownFileType = sourcecode.swift; path = HomeTabbarModule.swift; sourceTree = "<group>"; };
		6FDD7E7627428EA4006ACBA6 /* HomeTabbarPresenter.swift */ = {isa = PBXFileReference; lastKnownFileType = sourcecode.swift; path = HomeTabbarPresenter.swift; sourceTree = "<group>"; };
		6FDD7E7727428EA4006ACBA6 /* HomeTabbarViewController.swift */ = {isa = PBXFileReference; lastKnownFileType = sourcecode.swift; path = HomeTabbarViewController.swift; sourceTree = "<group>"; };
		6FDD7E7B27429417006ACBA6 /* HomeScreenModule.swift */ = {isa = PBXFileReference; lastKnownFileType = sourcecode.swift; path = HomeScreenModule.swift; sourceTree = "<group>"; };
		6FDD7E7C27429417006ACBA6 /* HomeScreenPresenter.swift */ = {isa = PBXFileReference; lastKnownFileType = sourcecode.swift; path = HomeScreenPresenter.swift; sourceTree = "<group>"; };
		6FDD7E7D27429417006ACBA6 /* HomeScreenViewController.swift */ = {isa = PBXFileReference; lastKnownFileType = sourcecode.swift; path = HomeScreenViewController.swift; sourceTree = "<group>"; };
		6FDD7E8227429471006ACBA6 /* StoreScreenModule.swift */ = {isa = PBXFileReference; lastKnownFileType = sourcecode.swift; path = StoreScreenModule.swift; sourceTree = "<group>"; };
		6FDD7E8327429471006ACBA6 /* StoreScreenPresenter.swift */ = {isa = PBXFileReference; lastKnownFileType = sourcecode.swift; path = StoreScreenPresenter.swift; sourceTree = "<group>"; };
		6FDD7E8427429471006ACBA6 /* StoreScreenViewController.swift */ = {isa = PBXFileReference; lastKnownFileType = sourcecode.swift; path = StoreScreenViewController.swift; sourceTree = "<group>"; };
		6FDD7E8927429666006ACBA6 /* InboxModule.swift */ = {isa = PBXFileReference; lastKnownFileType = sourcecode.swift; path = InboxModule.swift; sourceTree = "<group>"; };
		6FDD7E8A27429666006ACBA6 /* InboxPresenter.swift */ = {isa = PBXFileReference; lastKnownFileType = sourcecode.swift; path = InboxPresenter.swift; sourceTree = "<group>"; };
		6FDD7E8B27429666006ACBA6 /* InboxViewController.swift */ = {isa = PBXFileReference; lastKnownFileType = sourcecode.swift; path = InboxViewController.swift; sourceTree = "<group>"; };
		6FDD7E952743D298006ACBA6 /* NavbarCustomizable.swift */ = {isa = PBXFileReference; lastKnownFileType = sourcecode.swift; path = NavbarCustomizable.swift; sourceTree = "<group>"; };
		6FDD7E982743D3E5006ACBA6 /* Globals.swift */ = {isa = PBXFileReference; lastKnownFileType = sourcecode.swift; path = Globals.swift; sourceTree = "<group>"; };
		6FDD7E9F2745428F006ACBA6 /* DreamWritingModule.swift */ = {isa = PBXFileReference; lastKnownFileType = sourcecode.swift; path = DreamWritingModule.swift; sourceTree = "<group>"; };
		6FDD7EA02745428F006ACBA6 /* DreamWritingPresenter.swift */ = {isa = PBXFileReference; lastKnownFileType = sourcecode.swift; path = DreamWritingPresenter.swift; sourceTree = "<group>"; };
		6FDD7EA12745428F006ACBA6 /* DreamWritingViewController.swift */ = {isa = PBXFileReference; lastKnownFileType = sourcecode.swift; path = DreamWritingViewController.swift; sourceTree = "<group>"; };
		6FDD7EA527454365006ACBA6 /* DreamWriting.storyboard */ = {isa = PBXFileReference; lastKnownFileType = file.storyboard; path = DreamWriting.storyboard; sourceTree = "<group>"; };
		6FE3FE7D2757A7A70011AFC7 /* BookInformationModule.swift */ = {isa = PBXFileReference; lastKnownFileType = sourcecode.swift; path = BookInformationModule.swift; sourceTree = "<group>"; };
		6FE3FE7E2757A7A70011AFC7 /* BookInformationPresenter.swift */ = {isa = PBXFileReference; lastKnownFileType = sourcecode.swift; path = BookInformationPresenter.swift; sourceTree = "<group>"; };
		6FE3FE7F2757A7A70011AFC7 /* BookInformationViewController.swift */ = {isa = PBXFileReference; lastKnownFileType = sourcecode.swift; path = BookInformationViewController.swift; sourceTree = "<group>"; };
		6FE3FE832757A7C00011AFC7 /* BookInformation.storyboard */ = {isa = PBXFileReference; lastKnownFileType = file.storyboard; path = BookInformation.storyboard; sourceTree = "<group>"; };
		7ED50723CB3A2023F36A4804 /* Pods-Application.release.xcconfig */ = {isa = PBXFileReference; includeInIndex = 1; lastKnownFileType = text.xcconfig; name = "Pods-Application.release.xcconfig"; path = "Target Support Files/Pods-Application/Pods-Application.release.xcconfig"; sourceTree = "<group>"; };
/* End PBXFileReference section */

/* Begin PBXFrameworksBuildPhase section */
		6FBF4956273D45D200825776 /* Frameworks */ = {
			isa = PBXFrameworksBuildPhase;
			buildActionMask = 2147483647;
			files = (
				6FBF49DD273E8DB900825776 /* Pods_Application.framework in Frameworks */,
				6FA5913A2754F1C400F7E204 /* Service.framework in Frameworks */,
				6FA5913C2754F1C500F7E204 /* UIComponents.framework in Frameworks */,
				6FA591382754F1C300F7E204 /* Core.framework in Frameworks */,
			);
			runOnlyForDeploymentPostprocessing = 0;
		};
/* End PBXFrameworksBuildPhase section */

/* Begin PBXGroup section */
		68EC12B5223DC85C7C79C18C /* Pods */ = {
			isa = PBXGroup;
			children = (
				18E5A901BB56A002B373E971 /* Pods-Application.debug.xcconfig */,
				7ED50723CB3A2023F36A4804 /* Pods-Application.release.xcconfig */,
			);
			name = Pods;
			path = ../Pods;
			sourceTree = "<group>";
		};
		6F41971B27676EF900B220AB /* InfoScreen */ = {
			isa = PBXGroup;
			children = (
				6F41971C27676F2500B220AB /* InfoModule.swift */,
				6F41971D27676F2500B220AB /* InfoPresenter.swift */,
				6F41971E27676F2500B220AB /* InfoViewController.swift */,
				6F41972227676F3100B220AB /* Info.storyboard */,
			);
			path = InfoScreen;
			sourceTree = "<group>";
		};
		6F437B5D273FD95D0069B47E /* SignUp */ = {
			isa = PBXGroup;
			children = (
				6F437B5E273FD9720069B47E /* SignUpModule.swift */,
				6F437B5F273FD9720069B47E /* SignUpPresenter.swift */,
				6F437B60273FD9720069B47E /* SignUpViewController.swift */,
				6F437B64273FD97D0069B47E /* SignUp.storyboard */,
			);
			path = SignUp;
			sourceTree = "<group>";
		};
		6F9C45A62754FEEA0039BBD4 /* Sections */ = {
			isa = PBXGroup;
			children = (
				6F9C45A72754FEF70039BBD4 /* DreamListSection.swift */,
			);
			path = Sections;
			sourceTree = "<group>";
		};
		6FA5911D2754C4C300F7E204 /* Cells */ = {
			isa = PBXGroup;
			children = (
				6FA591202754C51D00F7E204 /* PendingTableViewCell.swift */,
				6FA591212754C51D00F7E204 /* PendingTableViewCell.xib */,
				6FA591302754DA2900F7E204 /* DreamTableViewCell.swift */,
				6FA591312754DA2900F7E204 /* DreamTableViewCell.xib */,
				6F9C45A02754F96B0039BBD4 /* ListTableViewCell.swift */,
				6F9C45A12754F96B0039BBD4 /* ListTableViewCell.xib */,
			);
			path = Cells;
			sourceTree = "<group>";
		};
		6FBAA8E5274E708F00AAF852 /* BooksScreen */ = {
			isa = PBXGroup;
			children = (
				6FBAA8E6274E70A400AAF852 /* BooksModule.swift */,
				6FBAA8E7274E70A400AAF852 /* BooksPresenter.swift */,
				6FBAA8E8274E70A400AAF852 /* BooksViewController.swift */,
				6FBAA8EC274E70AE00AAF852 /* Books.storyboard */,
			);
			path = BooksScreen;
			sourceTree = "<group>";
		};
		6FBF4950273D45D200825776 = {
			isa = PBXGroup;
			children = (
				6F437B772742650B0069B47E /* Localizable.strings */,
				6FBF495B273D45D200825776 /* Application */,
				6FBF495A273D45D200825776 /* Products */,
				68EC12B5223DC85C7C79C18C /* Pods */,
				9F0900CEE0C1B845361E4A07 /* Frameworks */,
			);
			sourceTree = "<group>";
		};
		6FBF495A273D45D200825776 /* Products */ = {
			isa = PBXGroup;
			children = (
				6FBF4959273D45D200825776 /* Application.app */,
			);
			name = Products;
			sourceTree = "<group>";
		};
		6FBF495B273D45D200825776 /* Application */ = {
			isa = PBXGroup;
			children = (
				6F9C45A62754FEEA0039BBD4 /* Sections */,
				6FA5911D2754C4C300F7E204 /* Cells */,
				6FDD7E972743D3D8006ACBA6 /* Globals */,
				6FDD7E942743D282006ACBA6 /* Protocols */,
				6FBF49C6273E691900825776 /* Base */,
				6FBF49BC273E689300825776 /* Scenes */,
				6FBF49B9273E685800825776 /* Utils */,
				6FBF49B6273E681E00825776 /* Extensions */,
				6FBF495C273D45D200825776 /* AppDelegate.swift */,
				6FBF495E273D45D200825776 /* SceneDelegate.swift */,
				6FBF4968273D45D400825776 /* Assets.xcassets */,
				6FBF496A273D45D400825776 /* LaunchScreen.storyboard */,
				6FBF496D273D45D400825776 /* Info.plist */,
				6FBF4965273D45D200825776 /* Application.xcdatamodeld */,
			);
			path = Application;
			sourceTree = "<group>";
		};
		6FBF49B6273E681E00825776 /* Extensions */ = {
			isa = PBXGroup;
			children = (
				6FBF49B7273E682A00825776 /* UIStoryboard+Extensions.swift */,
				6F437B59273EA1480069B47E /* UIViewController.swift */,
				6FA591272754C62600F7E204 /* TableView.swift */,
			);
			path = Extensions;
			sourceTree = "<group>";
		};
		6FBF49B9273E685800825776 /* Utils */ = {
			isa = PBXGroup;
			children = (
				6F41973E276BA58600B220AB /* DescriptionedView.swift */,
				6F419739276BA4B400B220AB /* ValidatableController.swift */,
				6F41973A276BA4B400B220AB /* Validation.swift */,
				6F419738276BA4B400B220AB /* ValidationRules.swift */,
				6FBF49BA273E686400825776 /* Storyboards.swift */,
				6FBF49CA273E84E400825776 /* SwiftLintRules.swift */,
				6F419740276BA6BC00B220AB /* InputFieldControl.swift */,
				6F6D6F5F278DA1290090D2FF /* DreamField.swift */,
			);
			path = Utils;
			sourceTree = "<group>";
		};
		6FBF49BC273E689300825776 /* Scenes */ = {
			isa = PBXGroup;
			children = (
				6FE3FE7C2757A7890011AFC7 /* BookInformationScreen */,
				6FBAA8E5274E708F00AAF852 /* BooksScreen */,
				6FDD7E9E2745427A006ACBA6 /* DreamWriting */,
				6FDD7E6B27428AEC006ACBA6 /* HomeTabbar */,
				6F437B5D273FD95D0069B47E /* SignUp */,
				6FBF49CC273E8B5A00825776 /* Login */,
				6FBF49BD273E68AE00825776 /* Splash */,
			);
			path = Scenes;
			sourceTree = "<group>";
		};
		6FBF49BD273E68AE00825776 /* Splash */ = {
			isa = PBXGroup;
			children = (
				6FBF49BE273E68C000825776 /* SplashModule.swift */,
				6FBF49BF273E68C000825776 /* SplashPresenter.swift */,
				6FBF49C0273E68C000825776 /* SplashViewController.swift */,
				6FBF49C4273E68CA00825776 /* Splash.storyboard */,
			);
			path = Splash;
			sourceTree = "<group>";
		};
		6FBF49C6273E691900825776 /* Base */ = {
			isa = PBXGroup;
			children = (
				6FBF49C7273E692600825776 /* BaseViewController.swift */,
			);
			path = Base;
			sourceTree = "<group>";
		};
		6FBF49CC273E8B5A00825776 /* Login */ = {
			isa = PBXGroup;
			children = (
				6FBF49CD273E8B6600825776 /* LoginModule.swift */,
				6FBF49CE273E8B6600825776 /* LoginPresenter.swift */,
				6FBF49CF273E8B6600825776 /* LoginViewController.swift */,
				6FBF49D3273E8B7000825776 /* Login.storyboard */,
			);
			path = Login;
			sourceTree = "<group>";
		};
		6FDD7E6B27428AEC006ACBA6 /* HomeTabbar */ = {
			isa = PBXGroup;
			children = (
				6FDD7E8127429460006ACBA6 /* StoreScreen */,
				6FDD7E8827429639006ACBA6 /* InboxScreen */,
				6FDD7E7427428E1D006ACBA6 /* HomeScreen */,
				6FDD7E7227428B0C006ACBA6 /* Home.storyboard */,
				6FDD7E7527428EA4006ACBA6 /* HomeTabbarModule.swift */,
				6FDD7E7627428EA4006ACBA6 /* HomeTabbarPresenter.swift */,
				6FDD7E7727428EA4006ACBA6 /* HomeTabbarViewController.swift */,
			);
			path = HomeTabbar;
			sourceTree = "<group>";
		};
		6FDD7E7427428E1D006ACBA6 /* HomeScreen */ = {
			isa = PBXGroup;
			children = (
				6FDD7E7B27429417006ACBA6 /* HomeScreenModule.swift */,
				6FDD7E7C27429417006ACBA6 /* HomeScreenPresenter.swift */,
				6FDD7E7D27429417006ACBA6 /* HomeScreenViewController.swift */,
			);
			path = HomeScreen;
			sourceTree = "<group>";
		};
		6FDD7E8127429460006ACBA6 /* StoreScreen */ = {
			isa = PBXGroup;
			children = (
				6FDD7E8227429471006ACBA6 /* StoreScreenModule.swift */,
				6FDD7E8327429471006ACBA6 /* StoreScreenPresenter.swift */,
				6FDD7E8427429471006ACBA6 /* StoreScreenViewController.swift */,
			);
			path = StoreScreen;
			sourceTree = "<group>";
		};
		6FDD7E8827429639006ACBA6 /* InboxScreen */ = {
			isa = PBXGroup;
			children = (
				6FDD7E8927429666006ACBA6 /* InboxModule.swift */,
				6FDD7E8A27429666006ACBA6 /* InboxPresenter.swift */,
				6FDD7E8B27429666006ACBA6 /* InboxViewController.swift */,
			);
			path = InboxScreen;
			sourceTree = "<group>";
		};
		6FDD7E942743D282006ACBA6 /* Protocols */ = {
			isa = PBXGroup;
			children = (
				6FDD7E952743D298006ACBA6 /* NavbarCustomizable.swift */,
				6F10B8A82750F22600D6107A /* Alertable.swift */,
				6FA591292754C65300F7E204 /* ReusableView.swift */,
				6FA5912B2754C68600F7E204 /* NibLoadedView.swift */,
				6FD1FB232784838C00E2305B /* Loadable.swift */,
			);
			path = Protocols;
			sourceTree = "<group>";
		};
		6FDD7E972743D3D8006ACBA6 /* Globals */ = {
			isa = PBXGroup;
			children = (
				6FDD7E982743D3E5006ACBA6 /* Globals.swift */,
			);
			path = Globals;
			sourceTree = "<group>";
		};
		6FDD7E9E2745427A006ACBA6 /* DreamWriting */ = {
			isa = PBXGroup;
			children = (
				6F41971B27676EF900B220AB /* InfoScreen */,
				6FDD7E9F2745428F006ACBA6 /* DreamWritingModule.swift */,
				6FDD7EA02745428F006ACBA6 /* DreamWritingPresenter.swift */,
				6FDD7EA12745428F006ACBA6 /* DreamWritingViewController.swift */,
				6FDD7EA527454365006ACBA6 /* DreamWriting.storyboard */,
			);
			path = DreamWriting;
			sourceTree = "<group>";
		};
		6FE3FE7C2757A7890011AFC7 /* BookInformationScreen */ = {
			isa = PBXGroup;
			children = (
				6FE3FE7D2757A7A70011AFC7 /* BookInformationModule.swift */,
				6FE3FE7E2757A7A70011AFC7 /* BookInformationPresenter.swift */,
				6FE3FE7F2757A7A70011AFC7 /* BookInformationViewController.swift */,
				6FE3FE832757A7C00011AFC7 /* BookInformation.storyboard */,
			);
			path = BookInformationScreen;
			sourceTree = "<group>";
		};
		9F0900CEE0C1B845361E4A07 /* Frameworks */ = {
			isa = PBXGroup;
			children = (
				6FBF49E2273E8DC700825776 /* UIComponents.framework */,
				6FBF49DF273E8DC000825776 /* Service.framework */,
				6FBF49DC273E8DB900825776 /* Pods_Application.framework */,
				6FBF49D8273E8DAC00825776 /* Core.framework */,
				6DF7C42A40AB4437C155133D /* Pods_Application.framework */,
			);
			name = Frameworks;
			sourceTree = "<group>";
		};
/* End PBXGroup section */

/* Begin PBXNativeTarget section */
		6FBF4958273D45D200825776 /* Application */ = {
			isa = PBXNativeTarget;
			buildConfigurationList = 6FBF4970273D45D400825776 /* Build configuration list for PBXNativeTarget "Application" */;
			buildPhases = (
				4F14AFD51DBCE81FD7CD73AD /* [CP] Check Pods Manifest.lock */,
				6FBF49C9273E6D1300825776 /* Run SwiftLint */,
				6FBF4955273D45D200825776 /* Sources */,
				6FBF4956273D45D200825776 /* Frameworks */,
				6FBF4957273D45D200825776 /* Resources */,
				E0DDF8676D8DBAE303F73E24 /* [CP] Embed Pods Frameworks */,
				6FA591372754F1B800F7E204 /* Embed Frameworks */,
			);
			buildRules = (
			);
			dependencies = (
			);
			name = Application;
			productName = Application;
			productReference = 6FBF4959273D45D200825776 /* Application.app */;
			productType = "com.apple.product-type.application";
		};
/* End PBXNativeTarget section */

/* Begin PBXProject section */
		6FBF4951273D45D200825776 /* Project object */ = {
			isa = PBXProject;
			attributes = {
				LastSwiftUpdateCheck = 1250;
				LastUpgradeCheck = 1250;
				TargetAttributes = {
					6FBF4958273D45D200825776 = {
						CreatedOnToolsVersion = 12.5;
					};
				};
			};
			buildConfigurationList = 6FBF4954273D45D200825776 /* Build configuration list for PBXProject "Application" */;
			compatibilityVersion = "Xcode 9.3";
			developmentRegion = en;
			hasScannedForEncodings = 0;
			knownRegions = (
				en,
				Base,
				tr,
			);
			mainGroup = 6FBF4950273D45D200825776;
			productRefGroup = 6FBF495A273D45D200825776 /* Products */;
			projectDirPath = "";
			projectRoot = "";
			targets = (
				6FBF4958273D45D200825776 /* Application */,
			);
		};
/* End PBXProject section */

/* Begin PBXResourcesBuildPhase section */
		6FBF4957273D45D200825776 /* Resources */ = {
			isa = PBXResourcesBuildPhase;
			buildActionMask = 2147483647;
			files = (
				6FDD7E7327428B0C006ACBA6 /* Home.storyboard in Resources */,
				6F9C45A32754F96B0039BBD4 /* ListTableViewCell.xib in Resources */,
				6FA591232754C51D00F7E204 /* PendingTableViewCell.xib in Resources */,
				6FBAA8ED274E70AE00AAF852 /* Books.storyboard in Resources */,
				6FA591332754DA2900F7E204 /* DreamTableViewCell.xib in Resources */,
				6FBF49D4273E8B7000825776 /* Login.storyboard in Resources */,
				6FE3FE842757A7C00011AFC7 /* BookInformation.storyboard in Resources */,
				6F437B752742650B0069B47E /* Localizable.strings in Resources */,
				6F41972327676F3100B220AB /* Info.storyboard in Resources */,
				6FDD7EA627454365006ACBA6 /* DreamWriting.storyboard in Resources */,
				6FBF496C273D45D400825776 /* LaunchScreen.storyboard in Resources */,
				6FBF4969273D45D400825776 /* Assets.xcassets in Resources */,
				6FBF49C5273E68CA00825776 /* Splash.storyboard in Resources */,
				6F437B65273FD97D0069B47E /* SignUp.storyboard in Resources */,
			);
			runOnlyForDeploymentPostprocessing = 0;
		};
/* End PBXResourcesBuildPhase section */

/* Begin PBXShellScriptBuildPhase section */
		4F14AFD51DBCE81FD7CD73AD /* [CP] Check Pods Manifest.lock */ = {
			isa = PBXShellScriptBuildPhase;
			buildActionMask = 2147483647;
			files = (
			);
			inputFileListPaths = (
			);
			inputPaths = (
				"${PODS_PODFILE_DIR_PATH}/Podfile.lock",
				"${PODS_ROOT}/Manifest.lock",
			);
			name = "[CP] Check Pods Manifest.lock";
			outputFileListPaths = (
			);
			outputPaths = (
				"$(DERIVED_FILE_DIR)/Pods-Application-checkManifestLockResult.txt",
			);
			runOnlyForDeploymentPostprocessing = 0;
			shellPath = /bin/sh;
			shellScript = "diff \"${PODS_PODFILE_DIR_PATH}/Podfile.lock\" \"${PODS_ROOT}/Manifest.lock\" > /dev/null\nif [ $? != 0 ] ; then\n    # print error to STDERR\n    echo \"error: The sandbox is not in sync with the Podfile.lock. Run 'pod install' or update your CocoaPods installation.\" >&2\n    exit 1\nfi\n# This output is used by Xcode 'outputs' to avoid re-running this script phase.\necho \"SUCCESS\" > \"${SCRIPT_OUTPUT_FILE_0}\"\n";
			showEnvVarsInLog = 0;
		};
		6FBF49C9273E6D1300825776 /* Run SwiftLint */ = {
			isa = PBXShellScriptBuildPhase;
			buildActionMask = 2147483647;
			files = (
			);
			inputFileListPaths = (
			);
			inputPaths = (
			);
			name = "Run SwiftLint";
			outputFileListPaths = (
			);
			outputPaths = (
			);
			runOnlyForDeploymentPostprocessing = 0;
			shellPath = /bin/sh;
			shellScript = "${PODS_ROOT}/SwiftLint/swiftlint\n\n";
		};
		E0DDF8676D8DBAE303F73E24 /* [CP] Embed Pods Frameworks */ = {
			isa = PBXShellScriptBuildPhase;
			buildActionMask = 2147483647;
			files = (
			);
			inputFileListPaths = (
				"${PODS_ROOT}/Target Support Files/Pods-Application/Pods-Application-frameworks-${CONFIGURATION}-input-files.xcfilelist",
			);
			name = "[CP] Embed Pods Frameworks";
			outputFileListPaths = (
				"${PODS_ROOT}/Target Support Files/Pods-Application/Pods-Application-frameworks-${CONFIGURATION}-output-files.xcfilelist",
			);
			runOnlyForDeploymentPostprocessing = 0;
			shellPath = /bin/sh;
			shellScript = "\"${PODS_ROOT}/Target Support Files/Pods-Application/Pods-Application-frameworks.sh\"\n";
			showEnvVarsInLog = 0;
		};
/* End PBXShellScriptBuildPhase section */

/* Begin PBXSourcesBuildPhase section */
		6FBF4955273D45D200825776 /* Sources */ = {
			isa = PBXSourcesBuildPhase;
			buildActionMask = 2147483647;
			files = (
				6F9C45A82754FEF70039BBD4 /* DreamListSection.swift in Sources */,
				6FBAA8EB274E70A400AAF852 /* BooksViewController.swift in Sources */,
				6FDD7E8627429471006ACBA6 /* StoreScreenPresenter.swift in Sources */,
				6FA591222754C51D00F7E204 /* PendingTableViewCell.swift in Sources */,
				6F41973D276BA4B400B220AB /* Validation.swift in Sources */,
				6F437B5A273EA1480069B47E /* UIViewController.swift in Sources */,
				6FDD7E962743D298006ACBA6 /* NavbarCustomizable.swift in Sources */,
				6FDD7E8C27429666006ACBA6 /* InboxModule.swift in Sources */,
				6FBAA8E9274E70A400AAF852 /* BooksModule.swift in Sources */,
				6FBF49D1273E8B6600825776 /* LoginPresenter.swift in Sources */,
				6FDD7E7E27429417006ACBA6 /* HomeScreenModule.swift in Sources */,
				6FD1FB242784838C00E2305B /* Loadable.swift in Sources */,
				6FBF49C1273E68C000825776 /* SplashModule.swift in Sources */,
				6FDD7E8727429471006ACBA6 /* StoreScreenViewController.swift in Sources */,
				6FDD7E8527429471006ACBA6 /* StoreScreenModule.swift in Sources */,
				6FDD7EA22745428F006ACBA6 /* DreamWritingModule.swift in Sources */,
				6FE3FE822757A7A70011AFC7 /* BookInformationViewController.swift in Sources */,
				6FDD7E8D27429666006ACBA6 /* InboxPresenter.swift in Sources */,
				6FBF49BB273E686400825776 /* Storyboards.swift in Sources */,
				6FBF4967273D45D200825776 /* Application.xcdatamodeld in Sources */,
				6FDD7E992743D3E5006ACBA6 /* Globals.swift in Sources */,
				6FDD7E7927428EA4006ACBA6 /* HomeTabbarPresenter.swift in Sources */,
				6F437B63273FD9720069B47E /* SignUpViewController.swift in Sources */,
				6FBF49C3273E68C000825776 /* SplashViewController.swift in Sources */,
				6F6D6F60278DA1290090D2FF /* DreamField.swift in Sources */,
				6FDD7E7F27429417006ACBA6 /* HomeScreenPresenter.swift in Sources */,
				6FA591282754C62600F7E204 /* TableView.swift in Sources */,
				6FDD7EA42745428F006ACBA6 /* DreamWritingViewController.swift in Sources */,
				6F41973C276BA4B400B220AB /* ValidatableController.swift in Sources */,
				6F41972127676F2500B220AB /* InfoViewController.swift in Sources */,
				6FBF49D0273E8B6600825776 /* LoginModule.swift in Sources */,
				6FA591322754DA2900F7E204 /* DreamTableViewCell.swift in Sources */,
				6FBF49C2273E68C000825776 /* SplashPresenter.swift in Sources */,
				6F419741276BA6BC00B220AB /* InputFieldControl.swift in Sources */,
				6FA5912C2754C68600F7E204 /* NibLoadedView.swift in Sources */,
				6FBF49C8273E692600825776 /* BaseViewController.swift in Sources */,
				6FBF49B8273E682A00825776 /* UIStoryboard+Extensions.swift in Sources */,
				6FBF495D273D45D200825776 /* AppDelegate.swift in Sources */,
				6FDD7EA32745428F006ACBA6 /* DreamWritingPresenter.swift in Sources */,
				6F41973F276BA58600B220AB /* DescriptionedView.swift in Sources */,
				6F437B61273FD9720069B47E /* SignUpModule.swift in Sources */,
				6FDD7E8027429417006ACBA6 /* HomeScreenViewController.swift in Sources */,
				6F9C45A22754F96B0039BBD4 /* ListTableViewCell.swift in Sources */,
				6FBF49CB273E84E400825776 /* SwiftLintRules.swift in Sources */,
				6F41973B276BA4B400B220AB /* ValidationRules.swift in Sources */,
				6F10B8A92750F22600D6107A /* Alertable.swift in Sources */,
				6FBAA8EA274E70A400AAF852 /* BooksPresenter.swift in Sources */,
				6FA5912A2754C65300F7E204 /* ReusableView.swift in Sources */,
				6F41972027676F2500B220AB /* InfoPresenter.swift in Sources */,
				6FDD7E7A27428EA4006ACBA6 /* HomeTabbarViewController.swift in Sources */,
				6FE3FE812757A7A70011AFC7 /* BookInformationPresenter.swift in Sources */,
				6FDD7E8E27429666006ACBA6 /* InboxViewController.swift in Sources */,
				6FE3FE802757A7A70011AFC7 /* BookInformationModule.swift in Sources */,
				6FBF49D2273E8B6600825776 /* LoginViewController.swift in Sources */,
				6F437B62273FD9720069B47E /* SignUpPresenter.swift in Sources */,
				6FDD7E7827428EA4006ACBA6 /* HomeTabbarModule.swift in Sources */,
				6FBF495F273D45D200825776 /* SceneDelegate.swift in Sources */,
				6F41971F27676F2500B220AB /* InfoModule.swift in Sources */,
			);
			runOnlyForDeploymentPostprocessing = 0;
		};
/* End PBXSourcesBuildPhase section */

/* Begin PBXVariantGroup section */
		6F437B772742650B0069B47E /* Localizable.strings */ = {
			isa = PBXVariantGroup;
			children = (
				6F437B762742650B0069B47E /* en */,
				6F437B78274265CC0069B47E /* tr */,
			);
			name = Localizable.strings;
			sourceTree = "<group>";
			usesTabs = 0;
		};
		6FBF496A273D45D400825776 /* LaunchScreen.storyboard */ = {
			isa = PBXVariantGroup;
			children = (
				6FBF496B273D45D400825776 /* Base */,
			);
			name = LaunchScreen.storyboard;
			sourceTree = "<group>";
		};
/* End PBXVariantGroup section */

/* Begin XCBuildConfiguration section */
		6FBF496E273D45D400825776 /* Debug */ = {
			isa = XCBuildConfiguration;
			buildSettings = {
				ALWAYS_SEARCH_USER_PATHS = NO;
				CLANG_ANALYZER_LOCALIZABILITY_NONLOCALIZED = YES;
				CLANG_ANALYZER_NONNULL = YES;
				CLANG_ANALYZER_NUMBER_OBJECT_CONVERSION = YES_AGGRESSIVE;
				CLANG_CXX_LANGUAGE_STANDARD = "gnu++14";
				CLANG_CXX_LIBRARY = "libc++";
				CLANG_ENABLE_MODULES = YES;
				CLANG_ENABLE_OBJC_ARC = YES;
				CLANG_ENABLE_OBJC_WEAK = YES;
				CLANG_WARN_BLOCK_CAPTURE_AUTORELEASING = YES;
				CLANG_WARN_BOOL_CONVERSION = YES;
				CLANG_WARN_COMMA = YES;
				CLANG_WARN_CONSTANT_CONVERSION = YES;
				CLANG_WARN_DEPRECATED_OBJC_IMPLEMENTATIONS = YES;
				CLANG_WARN_DIRECT_OBJC_ISA_USAGE = YES_ERROR;
				CLANG_WARN_DOCUMENTATION_COMMENTS = YES;
				CLANG_WARN_EMPTY_BODY = YES;
				CLANG_WARN_ENUM_CONVERSION = YES;
				CLANG_WARN_INFINITE_RECURSION = YES;
				CLANG_WARN_INT_CONVERSION = YES;
				CLANG_WARN_NON_LITERAL_NULL_CONVERSION = YES;
				CLANG_WARN_OBJC_IMPLICIT_RETAIN_SELF = YES;
				CLANG_WARN_OBJC_LITERAL_CONVERSION = YES;
				CLANG_WARN_OBJC_ROOT_CLASS = YES_ERROR;
				CLANG_WARN_QUOTED_INCLUDE_IN_FRAMEWORK_HEADER = YES;
				CLANG_WARN_RANGE_LOOP_ANALYSIS = YES;
				CLANG_WARN_STRICT_PROTOTYPES = YES;
				CLANG_WARN_SUSPICIOUS_MOVE = YES;
				CLANG_WARN_UNGUARDED_AVAILABILITY = YES_AGGRESSIVE;
				CLANG_WARN_UNREACHABLE_CODE = YES;
				CLANG_WARN__DUPLICATE_METHOD_MATCH = YES;
				COPY_PHASE_STRIP = NO;
				DEBUG_INFORMATION_FORMAT = dwarf;
				ENABLE_STRICT_OBJC_MSGSEND = YES;
				ENABLE_TESTABILITY = YES;
				GCC_C_LANGUAGE_STANDARD = gnu11;
				GCC_DYNAMIC_NO_PIC = NO;
				GCC_NO_COMMON_BLOCKS = YES;
				GCC_OPTIMIZATION_LEVEL = 0;
				GCC_PREPROCESSOR_DEFINITIONS = (
					"DEBUG=1",
					"$(inherited)",
				);
				GCC_WARN_64_TO_32_BIT_CONVERSION = YES;
				GCC_WARN_ABOUT_RETURN_TYPE = YES_ERROR;
				GCC_WARN_UNDECLARED_SELECTOR = YES;
				GCC_WARN_UNINITIALIZED_AUTOS = YES_AGGRESSIVE;
				GCC_WARN_UNUSED_FUNCTION = YES;
				GCC_WARN_UNUSED_VARIABLE = YES;
				IPHONEOS_DEPLOYMENT_TARGET = 14.5;
				MTL_ENABLE_DEBUG_INFO = INCLUDE_SOURCE;
				MTL_FAST_MATH = YES;
				ONLY_ACTIVE_ARCH = YES;
				SDKROOT = iphoneos;
				SWIFT_ACTIVE_COMPILATION_CONDITIONS = DEBUG;
				SWIFT_OPTIMIZATION_LEVEL = "-Onone";
			};
			name = Debug;
		};
		6FBF496F273D45D400825776 /* Release */ = {
			isa = XCBuildConfiguration;
			buildSettings = {
				ALWAYS_SEARCH_USER_PATHS = NO;
				CLANG_ANALYZER_LOCALIZABILITY_NONLOCALIZED = YES;
				CLANG_ANALYZER_NONNULL = YES;
				CLANG_ANALYZER_NUMBER_OBJECT_CONVERSION = YES_AGGRESSIVE;
				CLANG_CXX_LANGUAGE_STANDARD = "gnu++14";
				CLANG_CXX_LIBRARY = "libc++";
				CLANG_ENABLE_MODULES = YES;
				CLANG_ENABLE_OBJC_ARC = YES;
				CLANG_ENABLE_OBJC_WEAK = YES;
				CLANG_WARN_BLOCK_CAPTURE_AUTORELEASING = YES;
				CLANG_WARN_BOOL_CONVERSION = YES;
				CLANG_WARN_COMMA = YES;
				CLANG_WARN_CONSTANT_CONVERSION = YES;
				CLANG_WARN_DEPRECATED_OBJC_IMPLEMENTATIONS = YES;
				CLANG_WARN_DIRECT_OBJC_ISA_USAGE = YES_ERROR;
				CLANG_WARN_DOCUMENTATION_COMMENTS = YES;
				CLANG_WARN_EMPTY_BODY = YES;
				CLANG_WARN_ENUM_CONVERSION = YES;
				CLANG_WARN_INFINITE_RECURSION = YES;
				CLANG_WARN_INT_CONVERSION = YES;
				CLANG_WARN_NON_LITERAL_NULL_CONVERSION = YES;
				CLANG_WARN_OBJC_IMPLICIT_RETAIN_SELF = YES;
				CLANG_WARN_OBJC_LITERAL_CONVERSION = YES;
				CLANG_WARN_OBJC_ROOT_CLASS = YES_ERROR;
				CLANG_WARN_QUOTED_INCLUDE_IN_FRAMEWORK_HEADER = YES;
				CLANG_WARN_RANGE_LOOP_ANALYSIS = YES;
				CLANG_WARN_STRICT_PROTOTYPES = YES;
				CLANG_WARN_SUSPICIOUS_MOVE = YES;
				CLANG_WARN_UNGUARDED_AVAILABILITY = YES_AGGRESSIVE;
				CLANG_WARN_UNREACHABLE_CODE = YES;
				CLANG_WARN__DUPLICATE_METHOD_MATCH = YES;
				COPY_PHASE_STRIP = NO;
				DEBUG_INFORMATION_FORMAT = "dwarf-with-dsym";
				ENABLE_NS_ASSERTIONS = NO;
				ENABLE_STRICT_OBJC_MSGSEND = YES;
				GCC_C_LANGUAGE_STANDARD = gnu11;
				GCC_NO_COMMON_BLOCKS = YES;
				GCC_WARN_64_TO_32_BIT_CONVERSION = YES;
				GCC_WARN_ABOUT_RETURN_TYPE = YES_ERROR;
				GCC_WARN_UNDECLARED_SELECTOR = YES;
				GCC_WARN_UNINITIALIZED_AUTOS = YES_AGGRESSIVE;
				GCC_WARN_UNUSED_FUNCTION = YES;
				GCC_WARN_UNUSED_VARIABLE = YES;
				IPHONEOS_DEPLOYMENT_TARGET = 14.5;
				MTL_ENABLE_DEBUG_INFO = NO;
				MTL_FAST_MATH = YES;
				SDKROOT = iphoneos;
				SWIFT_COMPILATION_MODE = wholemodule;
				SWIFT_OPTIMIZATION_LEVEL = "-O";
				VALIDATE_PRODUCT = YES;
			};
			name = Release;
		};
		6FBF4971273D45D400825776 /* Debug */ = {
			isa = XCBuildConfiguration;
			baseConfigurationReference = 18E5A901BB56A002B373E971 /* Pods-Application.debug.xcconfig */;
			buildSettings = {
				ASSETCATALOG_COMPILER_APPICON_NAME = AppIcon;
				ASSETCATALOG_COMPILER_GLOBAL_ACCENT_COLOR_NAME = AccentColor;
				CODE_SIGN_IDENTITY = "Apple Development";
				CODE_SIGN_STYLE = Automatic;
				DEVELOPMENT_TEAM = NCFZ3UC6GU;
				INFOPLIST_FILE = Application/Info.plist;
				IPHONEOS_DEPLOYMENT_TARGET = 11.0;
				LD_RUNPATH_SEARCH_PATHS = (
					"$(inherited)",
					"@executable_path/Frameworks",
				);
				PRODUCT_BUNDLE_IDENTIFIER = com1.application;
				PRODUCT_NAME = "$(TARGET_NAME)";
				PROVISIONING_PROFILE_SPECIFIER = "";
				SWIFT_VERSION = 5.0;
				TARGETED_DEVICE_FAMILY = "1,2";
			};
			name = Debug;
		};
		6FBF4972273D45D400825776 /* Release */ = {
			isa = XCBuildConfiguration;
			baseConfigurationReference = 7ED50723CB3A2023F36A4804 /* Pods-Application.release.xcconfig */;
			buildSettings = {
				ASSETCATALOG_COMPILER_APPICON_NAME = AppIcon;
				ASSETCATALOG_COMPILER_GLOBAL_ACCENT_COLOR_NAME = AccentColor;
				CODE_SIGN_IDENTITY = "Apple Development";
				CODE_SIGN_STYLE = Automatic;
				DEVELOPMENT_TEAM = NCFZ3UC6GU;
				INFOPLIST_FILE = Application/Info.plist;
				IPHONEOS_DEPLOYMENT_TARGET = 11.0;
				LD_RUNPATH_SEARCH_PATHS = (
					"$(inherited)",
					"@executable_path/Frameworks",
				);
				PRODUCT_BUNDLE_IDENTIFIER = com1.application;
				PRODUCT_NAME = "$(TARGET_NAME)";
				PROVISIONING_PROFILE_SPECIFIER = "";
				SWIFT_VERSION = 5.0;
				TARGETED_DEVICE_FAMILY = "1,2";
			};
			name = Release;
		};
/* End XCBuildConfiguration section */

/* Begin XCConfigurationList section */
		6FBF4954273D45D200825776 /* Build configuration list for PBXProject "Application" */ = {
			isa = XCConfigurationList;
			buildConfigurations = (
				6FBF496E273D45D400825776 /* Debug */,
				6FBF496F273D45D400825776 /* Release */,
			);
			defaultConfigurationIsVisible = 0;
			defaultConfigurationName = Release;
		};
		6FBF4970273D45D400825776 /* Build configuration list for PBXNativeTarget "Application" */ = {
			isa = XCConfigurationList;
			buildConfigurations = (
				6FBF4971273D45D400825776 /* Debug */,
				6FBF4972273D45D400825776 /* Release */,
			);
			defaultConfigurationIsVisible = 0;
			defaultConfigurationName = Release;
		};
/* End XCConfigurationList section */

/* Begin XCVersionGroup section */
		6FBF4965273D45D200825776 /* Application.xcdatamodeld */ = {
			isa = XCVersionGroup;
			children = (
				6FBF4966273D45D200825776 /* Application.xcdatamodel */,
			);
			currentVersion = 6FBF4966273D45D200825776 /* Application.xcdatamodel */;
			path = Application.xcdatamodeld;
			sourceTree = "<group>";
			versionGroupType = wrapper.xcdatamodel;
		};
/* End XCVersionGroup section */
	};
	rootObject = 6FBF4951273D45D200825776 /* Project object */;
}
