// !$*UTF8*$!
{
	archiveVersion = 1;
	classes = {
	};
	objectVersion = 50;
	objects = {

/* Begin PBXBuildFile section */
		6F41972527677C4100B220AB /* DropDownField.swift in Sources */ = {isa = PBXBuildFile; fileRef = 6F41972427677C4100B220AB /* DropDownField.swift */; };
		6F419727276784BD00B220AB /* DatePickerSelectable.swift in Sources */ = {isa = PBXBuildFile; fileRef = 6F419726276784BD00B220AB /* DatePickerSelectable.swift */; };
		6F41972A2767850200B220AB /* DatePickerViewController.swift in Sources */ = {isa = PBXBuildFile; fileRef = 6F4197292767850200B220AB /* DatePickerViewController.swift */; };
		6F41972C2767851E00B220AB /* CustomPresentationController.swift in Sources */ = {isa = PBXBuildFile; fileRef = 6F41972B2767851E00B220AB /* CustomPresentationController.swift */; };
		6F41972E276785E000B220AB /* PickerSelectable.swift in Sources */ = {isa = PBXBuildFile; fileRef = 6F41972D276785E000B220AB /* PickerSelectable.swift */; };
		6F4197302767860400B220AB /* PickerViewController.swift in Sources */ = {isa = PBXBuildFile; fileRef = 6F41972F2767860400B220AB /* PickerViewController.swift */; };
		6F419734276AB9C200B220AB /* CheckBoxControl.swift in Sources */ = {isa = PBXBuildFile; fileRef = 6F419733276AB9C200B220AB /* CheckBoxControl.swift */; };
		6F419737276ACAE400B220AB /* SendButton.swift in Sources */ = {isa = PBXBuildFile; fileRef = 6F419736276ACAE400B220AB /* SendButton.swift */; };
		6F437B5C273FD0580069B47E /* DreamMasterButton.swift in Sources */ = {isa = PBXBuildFile; fileRef = 6F437B5B273FD0570069B47E /* DreamMasterButton.swift */; };
		6F437B67273FE1450069B47E /* BackButton.swift in Sources */ = {isa = PBXBuildFile; fileRef = 6F437B66273FE1450069B47E /* BackButton.swift */; };
		6FBAA8E1274E6AD200AAF852 /* SelectableTitleEnum.swift in Sources */ = {isa = PBXBuildFile; fileRef = 6FBAA8E0274E6AD200AAF852 /* SelectableTitleEnum.swift */; };
		6FBAA8F5274FC33E00AAF852 /* SendCustomView.swift in Sources */ = {isa = PBXBuildFile; fileRef = 6FBAA8F4274FC33E00AAF852 /* SendCustomView.swift */; };
		6FBF49AE273D486D00825776 /* UIComponents.h in Headers */ = {isa = PBXBuildFile; fileRef = 6FBF49AC273D486D00825776 /* UIComponents.h */; settings = {ATTRIBUTES = (Public, ); }; };
		6FBF49D7273E8D5B00825776 /* AppBgColor.swift in Sources */ = {isa = PBXBuildFile; fileRef = 6FBF49D6273E8D5B00825776 /* AppBgColor.swift */; };
		6FD1FB2227847A2700E2305B /* EmptyItemView.swift in Sources */ = {isa = PBXBuildFile; fileRef = 6FD1FB2127847A2700E2305B /* EmptyItemView.swift */; };
		6FD1FB26278483B600E2305B /* LoadingView.swift in Sources */ = {isa = PBXBuildFile; fileRef = 6FD1FB25278483B600E2305B /* LoadingView.swift */; };
		6FDD7E9027429C1C006ACBA6 /* DreamSelectionView.swift in Sources */ = {isa = PBXBuildFile; fileRef = 6FDD7E8F27429C1C006ACBA6 /* DreamSelectionView.swift */; };
		6FDD7E932743C8FC006ACBA6 /* LeftNavbarView.swift in Sources */ = {isa = PBXBuildFile; fileRef = 6FDD7E922743C8FC006ACBA6 /* LeftNavbarView.swift */; };
		6FDD7E9B2743DA01006ACBA6 /* MyBarButtonItem.swift in Sources */ = {isa = PBXBuildFile; fileRef = 6FDD7E9A2743DA01006ACBA6 /* MyBarButtonItem.swift */; };
		6FDD7E9D2743F1CC006ACBA6 /* PriceView.swift in Sources */ = {isa = PBXBuildFile; fileRef = 6FDD7E9C2743F1CC006ACBA6 /* PriceView.swift */; };
		C734209D8A835EBB8E154F7C /* Pods_UIComponents.framework in Frameworks */ = {isa = PBXBuildFile; fileRef = 5D5511BF2FE9B8D5FFCE1CA5 /* Pods_UIComponents.framework */; };
/* End PBXBuildFile section */

/* Begin PBXFileReference section */
		0E108383E9D2808EB2D4519B /* Pods-UIComponents.debug.xcconfig */ = {isa = PBXFileReference; includeInIndex = 1; lastKnownFileType = text.xcconfig; name = "Pods-UIComponents.debug.xcconfig"; path = "Target Support Files/Pods-UIComponents/Pods-UIComponents.debug.xcconfig"; sourceTree = "<group>"; };
		5D5511BF2FE9B8D5FFCE1CA5 /* Pods_UIComponents.framework */ = {isa = PBXFileReference; explicitFileType = wrapper.framework; includeInIndex = 0; path = Pods_UIComponents.framework; sourceTree = BUILT_PRODUCTS_DIR; };
		6F41972427677C4100B220AB /* DropDownField.swift */ = {isa = PBXFileReference; lastKnownFileType = sourcecode.swift; path = DropDownField.swift; sourceTree = "<group>"; };
		6F419726276784BD00B220AB /* DatePickerSelectable.swift */ = {isa = PBXFileReference; lastKnownFileType = sourcecode.swift; path = DatePickerSelectable.swift; sourceTree = "<group>"; };
		6F4197292767850200B220AB /* DatePickerViewController.swift */ = {isa = PBXFileReference; lastKnownFileType = sourcecode.swift; path = DatePickerViewController.swift; sourceTree = "<group>"; };
		6F41972B2767851E00B220AB /* CustomPresentationController.swift */ = {isa = PBXFileReference; lastKnownFileType = sourcecode.swift; path = CustomPresentationController.swift; sourceTree = "<group>"; };
		6F41972D276785E000B220AB /* PickerSelectable.swift */ = {isa = PBXFileReference; lastKnownFileType = sourcecode.swift; path = PickerSelectable.swift; sourceTree = "<group>"; };
		6F41972F2767860400B220AB /* PickerViewController.swift */ = {isa = PBXFileReference; lastKnownFileType = sourcecode.swift; path = PickerViewController.swift; sourceTree = "<group>"; };
		6F419733276AB9C200B220AB /* CheckBoxControl.swift */ = {isa = PBXFileReference; lastKnownFileType = sourcecode.swift; path = CheckBoxControl.swift; sourceTree = "<group>"; };
		6F419736276ACAE400B220AB /* SendButton.swift */ = {isa = PBXFileReference; lastKnownFileType = sourcecode.swift; path = SendButton.swift; sourceTree = "<group>"; };
		6F437B5B273FD0570069B47E /* DreamMasterButton.swift */ = {isa = PBXFileReference; lastKnownFileType = sourcecode.swift; path = DreamMasterButton.swift; sourceTree = "<group>"; };
		6F437B66273FE1450069B47E /* BackButton.swift */ = {isa = PBXFileReference; lastKnownFileType = sourcecode.swift; path = BackButton.swift; sourceTree = "<group>"; };
		6FBAA8E0274E6AD200AAF852 /* SelectableTitleEnum.swift */ = {isa = PBXFileReference; fileEncoding = 4; lastKnownFileType = sourcecode.swift; path = SelectableTitleEnum.swift; sourceTree = "<group>"; };
		6FBAA8F4274FC33E00AAF852 /* SendCustomView.swift */ = {isa = PBXFileReference; lastKnownFileType = sourcecode.swift; path = SendCustomView.swift; sourceTree = "<group>"; };
		6FBF49A9273D486D00825776 /* UIComponents.framework */ = {isa = PBXFileReference; explicitFileType = wrapper.framework; includeInIndex = 0; path = UIComponents.framework; sourceTree = BUILT_PRODUCTS_DIR; };
		6FBF49AC273D486D00825776 /* UIComponents.h */ = {isa = PBXFileReference; lastKnownFileType = sourcecode.c.h; path = UIComponents.h; sourceTree = "<group>"; };
		6FBF49AD273D486D00825776 /* Info.plist */ = {isa = PBXFileReference; lastKnownFileType = text.plist.xml; path = Info.plist; sourceTree = "<group>"; };
		6FBF49D6273E8D5B00825776 /* AppBgColor.swift */ = {isa = PBXFileReference; lastKnownFileType = sourcecode.swift; path = AppBgColor.swift; sourceTree = "<group>"; };
		6FD1FB2127847A2700E2305B /* EmptyItemView.swift */ = {isa = PBXFileReference; lastKnownFileType = sourcecode.swift; path = EmptyItemView.swift; sourceTree = "<group>"; };
		6FD1FB25278483B600E2305B /* LoadingView.swift */ = {isa = PBXFileReference; lastKnownFileType = sourcecode.swift; path = LoadingView.swift; sourceTree = "<group>"; };
		6FDD7E8F27429C1C006ACBA6 /* DreamSelectionView.swift */ = {isa = PBXFileReference; lastKnownFileType = sourcecode.swift; path = DreamSelectionView.swift; sourceTree = "<group>"; };
		6FDD7E922743C8FC006ACBA6 /* LeftNavbarView.swift */ = {isa = PBXFileReference; lastKnownFileType = sourcecode.swift; path = LeftNavbarView.swift; sourceTree = "<group>"; };
		6FDD7E9A2743DA01006ACBA6 /* MyBarButtonItem.swift */ = {isa = PBXFileReference; lastKnownFileType = sourcecode.swift; path = MyBarButtonItem.swift; sourceTree = "<group>"; };
		6FDD7E9C2743F1CC006ACBA6 /* PriceView.swift */ = {isa = PBXFileReference; lastKnownFileType = sourcecode.swift; path = PriceView.swift; sourceTree = "<group>"; };
		B9932D2E1BA6912732A80A6C /* Pods-UIComponents.release.xcconfig */ = {isa = PBXFileReference; includeInIndex = 1; lastKnownFileType = text.xcconfig; name = "Pods-UIComponents.release.xcconfig"; path = "Target Support Files/Pods-UIComponents/Pods-UIComponents.release.xcconfig"; sourceTree = "<group>"; };
/* End PBXFileReference section */

/* Begin PBXFrameworksBuildPhase section */
		6FBF49A6273D486D00825776 /* Frameworks */ = {
			isa = PBXFrameworksBuildPhase;
			buildActionMask = 2147483647;
			files = (
				C734209D8A835EBB8E154F7C /* Pods_UIComponents.framework in Frameworks */,
			);
			runOnlyForDeploymentPostprocessing = 0;
		};
/* End PBXFrameworksBuildPhase section */

/* Begin PBXGroup section */
		2BA0E9C6C11E98A2A63B630C /* Frameworks */ = {
			isa = PBXGroup;
			children = (
				5D5511BF2FE9B8D5FFCE1CA5 /* Pods_UIComponents.framework */,
			);
			name = Frameworks;
			sourceTree = "<group>";
		};
		6F419728276784F000B220AB /* Datepickers */ = {
			isa = PBXGroup;
			children = (
				6F4197292767850200B220AB /* DatePickerViewController.swift */,
				6F41972F2767860400B220AB /* PickerViewController.swift */,
			);
			path = Datepickers;
			sourceTree = "<group>";
		};
		6F419735276ACACE00B220AB /* UIButtons */ = {
			isa = PBXGroup;
			children = (
				6F419736276ACAE400B220AB /* SendButton.swift */,
			);
			path = UIButtons;
			sourceTree = "<group>";
		};
		6F437B52273E95360069B47E /* UIViews */ = {
			isa = PBXGroup;
			children = (
				6FD1FB2027847A1700E2305B /* UIView */,
				6F419735276ACACE00B220AB /* UIButtons */,
				6F419728276784F000B220AB /* Datepickers */,
				6FDD7E912743C8E9006ACBA6 /* NavbarViews */,
				6F437B5B273FD0570069B47E /* DreamMasterButton.swift */,
				6F437B66273FE1450069B47E /* BackButton.swift */,
				6FDD7E8F27429C1C006ACBA6 /* DreamSelectionView.swift */,
				6FDD7E9C2743F1CC006ACBA6 /* PriceView.swift */,
				6F41972427677C4100B220AB /* DropDownField.swift */,
				6F419733276AB9C200B220AB /* CheckBoxControl.swift */,
			);
			path = UIViews;
			sourceTree = "<group>";
		};
		6FBAA8E2274E6AD500AAF852 /* Utils */ = {
			isa = PBXGroup;
			children = (
				6FBAA8E0274E6AD200AAF852 /* SelectableTitleEnum.swift */,
				6F419726276784BD00B220AB /* DatePickerSelectable.swift */,
				6F41972B2767851E00B220AB /* CustomPresentationController.swift */,
				6F41972D276785E000B220AB /* PickerSelectable.swift */,
			);
			path = Utils;
			sourceTree = "<group>";
		};
		6FBF499F273D486D00825776 = {
			isa = PBXGroup;
			children = (
				6FBAA8E2274E6AD500AAF852 /* Utils */,
				6F437B52273E95360069B47E /* UIViews */,
				6FBF49D5273E8D4F00825776 /* Colors */,
				6FBF49AB273D486D00825776 /* UIComponents */,
				6FBF49AA273D486D00825776 /* Products */,
				8C517239251E1465AA2CB93D /* Pods */,
				2BA0E9C6C11E98A2A63B630C /* Frameworks */,
			);
			sourceTree = "<group>";
		};
		6FBF49AA273D486D00825776 /* Products */ = {
			isa = PBXGroup;
			children = (
				6FBF49A9273D486D00825776 /* UIComponents.framework */,
			);
			name = Products;
			sourceTree = "<group>";
		};
		6FBF49AB273D486D00825776 /* UIComponents */ = {
			isa = PBXGroup;
			children = (
				6FBF49AC273D486D00825776 /* UIComponents.h */,
				6FBF49AD273D486D00825776 /* Info.plist */,
			);
			path = UIComponents;
			sourceTree = "<group>";
		};
		6FBF49D5273E8D4F00825776 /* Colors */ = {
			isa = PBXGroup;
			children = (
				6FBF49D6273E8D5B00825776 /* AppBgColor.swift */,
			);
			path = Colors;
			sourceTree = "<group>";
		};
		6FD1FB2027847A1700E2305B /* UIView */ = {
			isa = PBXGroup;
			children = (
				6FD1FB2127847A2700E2305B /* EmptyItemView.swift */,
				6FD1FB25278483B600E2305B /* LoadingView.swift */,
			);
			path = UIView;
			sourceTree = "<group>";
		};
		6FDD7E912743C8E9006ACBA6 /* NavbarViews */ = {
			isa = PBXGroup;
			children = (
				6FDD7E922743C8FC006ACBA6 /* LeftNavbarView.swift */,
				6FDD7E9A2743DA01006ACBA6 /* MyBarButtonItem.swift */,
				6FBAA8F4274FC33E00AAF852 /* SendCustomView.swift */,
			);
			path = NavbarViews;
			sourceTree = "<group>";
		};
		8C517239251E1465AA2CB93D /* Pods */ = {
			isa = PBXGroup;
			children = (
				0E108383E9D2808EB2D4519B /* Pods-UIComponents.debug.xcconfig */,
				B9932D2E1BA6912732A80A6C /* Pods-UIComponents.release.xcconfig */,
			);
			name = Pods;
			path = ../Pods;
			sourceTree = "<group>";
		};
/* End PBXGroup section */

/* Begin PBXHeadersBuildPhase section */
		6FBF49A4273D486D00825776 /* Headers */ = {
			isa = PBXHeadersBuildPhase;
			buildActionMask = 2147483647;
			files = (
				6FBF49AE273D486D00825776 /* UIComponents.h in Headers */,
			);
			runOnlyForDeploymentPostprocessing = 0;
		};
/* End PBXHeadersBuildPhase section */

/* Begin PBXNativeTarget section */
		6FBF49A8273D486D00825776 /* UIComponents */ = {
			isa = PBXNativeTarget;
			buildConfigurationList = 6FBF49B1273D486D00825776 /* Build configuration list for PBXNativeTarget "UIComponents" */;
			buildPhases = (
				354478ABABBEEA1FD8C8F3DA /* [CP] Check Pods Manifest.lock */,
				6FBF49A4273D486D00825776 /* Headers */,
				6FBF49A5273D486D00825776 /* Sources */,
				6FBF49A6273D486D00825776 /* Frameworks */,
				6FBF49A7273D486D00825776 /* Resources */,
			);
			buildRules = (
			);
			dependencies = (
			);
			name = UIComponents;
			productName = UIComponents;
			productReference = 6FBF49A9273D486D00825776 /* UIComponents.framework */;
			productType = "com.apple.product-type.framework";
		};
/* End PBXNativeTarget section */

/* Begin PBXProject section */
		6FBF49A0273D486D00825776 /* Project object */ = {
			isa = PBXProject;
			attributes = {
				LastUpgradeCheck = 1250;
				TargetAttributes = {
					6FBF49A8273D486D00825776 = {
						CreatedOnToolsVersion = 12.5;
						LastSwiftMigration = 1250;
					};
				};
			};
			buildConfigurationList = 6FBF49A3273D486D00825776 /* Build configuration list for PBXProject "UIComponents" */;
			compatibilityVersion = "Xcode 9.3";
			developmentRegion = en;
			hasScannedForEncodings = 0;
			knownRegions = (
				en,
				Base,
			);
			mainGroup = 6FBF499F273D486D00825776;
			productRefGroup = 6FBF49AA273D486D00825776 /* Products */;
			projectDirPath = "";
			projectRoot = "";
			targets = (
				6FBF49A8273D486D00825776 /* UIComponents */,
			);
		};
/* End PBXProject section */

/* Begin PBXResourcesBuildPhase section */
		6FBF49A7273D486D00825776 /* Resources */ = {
			isa = PBXResourcesBuildPhase;
			buildActionMask = 2147483647;
			files = (
			);
			runOnlyForDeploymentPostprocessing = 0;
		};
/* End PBXResourcesBuildPhase section */

/* Begin PBXShellScriptBuildPhase section */
		354478ABABBEEA1FD8C8F3DA /* [CP] Check Pods Manifest.lock */ = {
			isa = PBXShellScriptBuildPhase;
			buildActionMask = 2147483647;
			files = (
			);
			inputFileListPaths = (
			);
			inputPaths = (
				"${PODS_PODFILE_DIR_PATH}/Podfile.lock",
				"${PODS_ROOT}/Manifest.lock",
			);
			name = "[CP] Check Pods Manifest.lock";
			outputFileListPaths = (
			);
			outputPaths = (
				"$(DERIVED_FILE_DIR)/Pods-UIComponents-checkManifestLockResult.txt",
			);
			runOnlyForDeploymentPostprocessing = 0;
			shellPath = /bin/sh;
			shellScript = "diff \"${PODS_PODFILE_DIR_PATH}/Podfile.lock\" \"${PODS_ROOT}/Manifest.lock\" > /dev/null\nif [ $? != 0 ] ; then\n    # print error to STDERR\n    echo \"error: The sandbox is not in sync with the Podfile.lock. Run 'pod install' or update your CocoaPods installation.\" >&2\n    exit 1\nfi\n# This output is used by Xcode 'outputs' to avoid re-running this script phase.\necho \"SUCCESS\" > \"${SCRIPT_OUTPUT_FILE_0}\"\n";
			showEnvVarsInLog = 0;
		};
/* End PBXShellScriptBuildPhase section */

/* Begin PBXSourcesBuildPhase section */
		6FBF49A5273D486D00825776 /* Sources */ = {
			isa = PBXSourcesBuildPhase;
			buildActionMask = 2147483647;
			files = (
				6F41972C2767851E00B220AB /* CustomPresentationController.swift in Sources */,
				6F41972E276785E000B220AB /* PickerSelectable.swift in Sources */,
				6F4197302767860400B220AB /* PickerViewController.swift in Sources */,
				6FD1FB2227847A2700E2305B /* EmptyItemView.swift in Sources */,
				6FDD7E9D2743F1CC006ACBA6 /* PriceView.swift in Sources */,
				6F41972A2767850200B220AB /* DatePickerViewController.swift in Sources */,
				6F419727276784BD00B220AB /* DatePickerSelectable.swift in Sources */,
				6F437B67273FE1450069B47E /* BackButton.swift in Sources */,
				6FBF49D7273E8D5B00825776 /* AppBgColor.swift in Sources */,
				6F419734276AB9C200B220AB /* CheckBoxControl.swift in Sources */,
				6F419737276ACAE400B220AB /* SendButton.swift in Sources */,
				6F41972527677C4100B220AB /* DropDownField.swift in Sources */,
				6FDD7E9027429C1C006ACBA6 /* DreamSelectionView.swift in Sources */,
				6F437B5C273FD0580069B47E /* DreamMasterButton.swift in Sources */,
				6FDD7E932743C8FC006ACBA6 /* LeftNavbarView.swift in Sources */,
				6FBAA8F5274FC33E00AAF852 /* SendCustomView.swift in Sources */,
				6FDD7E9B2743DA01006ACBA6 /* MyBarButtonItem.swift in Sources */,
				6FD1FB26278483B600E2305B /* LoadingView.swift in Sources */,
				6FBAA8E1274E6AD200AAF852 /* SelectableTitleEnum.swift in Sources */,
			);
			runOnlyForDeploymentPostprocessing = 0;
		};
/* End PBXSourcesBuildPhase section */

/* Begin XCBuildConfiguration section */
		6FBF49AF273D486D00825776 /* Debug */ = {
			isa = XCBuildConfiguration;
			buildSettings = {
				ALWAYS_SEARCH_USER_PATHS = NO;
				CLANG_ANALYZER_NONNULL = YES;
				CLANG_ANALYZER_NUMBER_OBJECT_CONVERSION = YES_AGGRESSIVE;
				CLANG_CXX_LANGUAGE_STANDARD = "gnu++14";
				CLANG_CXX_LIBRARY = "libc++";
				CLANG_ENABLE_MODULES = YES;
				CLANG_ENABLE_OBJC_ARC = YES;
				CLANG_ENABLE_OBJC_WEAK = YES;
				CLANG_WARN_BLOCK_CAPTURE_AUTORELEASING = YES;
				CLANG_WARN_BOOL_CONVERSION = YES;
				CLANG_WARN_COMMA = YES;
				CLANG_WARN_CONSTANT_CONVERSION = YES;
				CLANG_WARN_DEPRECATED_OBJC_IMPLEMENTATIONS = YES;
				CLANG_WARN_DIRECT_OBJC_ISA_USAGE = YES_ERROR;
				CLANG_WARN_DOCUMENTATION_COMMENTS = YES;
				CLANG_WARN_EMPTY_BODY = YES;
				CLANG_WARN_ENUM_CONVERSION = YES;
				CLANG_WARN_INFINITE_RECURSION = YES;
				CLANG_WARN_INT_CONVERSION = YES;
				CLANG_WARN_NON_LITERAL_NULL_CONVERSION = YES;
				CLANG_WARN_OBJC_IMPLICIT_RETAIN_SELF = YES;
				CLANG_WARN_OBJC_LITERAL_CONVERSION = YES;
				CLANG_WARN_OBJC_ROOT_CLASS = YES_ERROR;
				CLANG_WARN_QUOTED_INCLUDE_IN_FRAMEWORK_HEADER = YES;
				CLANG_WARN_RANGE_LOOP_ANALYSIS = YES;
				CLANG_WARN_STRICT_PROTOTYPES = YES;
				CLANG_WARN_SUSPICIOUS_MOVE = YES;
				CLANG_WARN_UNGUARDED_AVAILABILITY = YES_AGGRESSIVE;
				CLANG_WARN_UNREACHABLE_CODE = YES;
				CLANG_WARN__DUPLICATE_METHOD_MATCH = YES;
				COPY_PHASE_STRIP = NO;
				CURRENT_PROJECT_VERSION = 1;
				DEBUG_INFORMATION_FORMAT = dwarf;
				ENABLE_STRICT_OBJC_MSGSEND = YES;
				ENABLE_TESTABILITY = YES;
				GCC_C_LANGUAGE_STANDARD = gnu11;
				GCC_DYNAMIC_NO_PIC = NO;
				GCC_NO_COMMON_BLOCKS = YES;
				GCC_OPTIMIZATION_LEVEL = 0;
				GCC_PREPROCESSOR_DEFINITIONS = (
					"DEBUG=1",
					"$(inherited)",
				);
				GCC_WARN_64_TO_32_BIT_CONVERSION = YES;
				GCC_WARN_ABOUT_RETURN_TYPE = YES_ERROR;
				GCC_WARN_UNDECLARED_SELECTOR = YES;
				GCC_WARN_UNINITIALIZED_AUTOS = YES_AGGRESSIVE;
				GCC_WARN_UNUSED_FUNCTION = YES;
				GCC_WARN_UNUSED_VARIABLE = YES;
				IPHONEOS_DEPLOYMENT_TARGET = 11.0;
				MTL_ENABLE_DEBUG_INFO = INCLUDE_SOURCE;
				MTL_FAST_MATH = YES;
				ONLY_ACTIVE_ARCH = YES;
				SDKROOT = iphoneos;
				SWIFT_ACTIVE_COMPILATION_CONDITIONS = DEBUG;
				SWIFT_OPTIMIZATION_LEVEL = "-Onone";
				VERSIONING_SYSTEM = "apple-generic";
				VERSION_INFO_PREFIX = "";
			};
			name = Debug;
		};
		6FBF49B0273D486D00825776 /* Release */ = {
			isa = XCBuildConfiguration;
			buildSettings = {
				ALWAYS_SEARCH_USER_PATHS = NO;
				CLANG_ANALYZER_NONNULL = YES;
				CLANG_ANALYZER_NUMBER_OBJECT_CONVERSION = YES_AGGRESSIVE;
				CLANG_CXX_LANGUAGE_STANDARD = "gnu++14";
				CLANG_CXX_LIBRARY = "libc++";
				CLANG_ENABLE_MODULES = YES;
				CLANG_ENABLE_OBJC_ARC = YES;
				CLANG_ENABLE_OBJC_WEAK = YES;
				CLANG_WARN_BLOCK_CAPTURE_AUTORELEASING = YES;
				CLANG_WARN_BOOL_CONVERSION = YES;
				CLANG_WARN_COMMA = YES;
				CLANG_WARN_CONSTANT_CONVERSION = YES;
				CLANG_WARN_DEPRECATED_OBJC_IMPLEMENTATIONS = YES;
				CLANG_WARN_DIRECT_OBJC_ISA_USAGE = YES_ERROR;
				CLANG_WARN_DOCUMENTATION_COMMENTS = YES;
				CLANG_WARN_EMPTY_BODY = YES;
				CLANG_WARN_ENUM_CONVERSION = YES;
				CLANG_WARN_INFINITE_RECURSION = YES;
				CLANG_WARN_INT_CONVERSION = YES;
				CLANG_WARN_NON_LITERAL_NULL_CONVERSION = YES;
				CLANG_WARN_OBJC_IMPLICIT_RETAIN_SELF = YES;
				CLANG_WARN_OBJC_LITERAL_CONVERSION = YES;
				CLANG_WARN_OBJC_ROOT_CLASS = YES_ERROR;
				CLANG_WARN_QUOTED_INCLUDE_IN_FRAMEWORK_HEADER = YES;
				CLANG_WARN_RANGE_LOOP_ANALYSIS = YES;
				CLANG_WARN_STRICT_PROTOTYPES = YES;
				CLANG_WARN_SUSPICIOUS_MOVE = YES;
				CLANG_WARN_UNGUARDED_AVAILABILITY = YES_AGGRESSIVE;
				CLANG_WARN_UNREACHABLE_CODE = YES;
				CLANG_WARN__DUPLICATE_METHOD_MATCH = YES;
				COPY_PHASE_STRIP = NO;
				CURRENT_PROJECT_VERSION = 1;
				DEBUG_INFORMATION_FORMAT = "dwarf-with-dsym";
				ENABLE_NS_ASSERTIONS = NO;
				ENABLE_STRICT_OBJC_MSGSEND = YES;
				GCC_C_LANGUAGE_STANDARD = gnu11;
				GCC_NO_COMMON_BLOCKS = YES;
				GCC_WARN_64_TO_32_BIT_CONVERSION = YES;
				GCC_WARN_ABOUT_RETURN_TYPE = YES_ERROR;
				GCC_WARN_UNDECLARED_SELECTOR = YES;
				GCC_WARN_UNINITIALIZED_AUTOS = YES_AGGRESSIVE;
				GCC_WARN_UNUSED_FUNCTION = YES;
				GCC_WARN_UNUSED_VARIABLE = YES;
				IPHONEOS_DEPLOYMENT_TARGET = 11.0;
				MTL_ENABLE_DEBUG_INFO = NO;
				MTL_FAST_MATH = YES;
				SDKROOT = iphoneos;
				SWIFT_COMPILATION_MODE = wholemodule;
				SWIFT_OPTIMIZATION_LEVEL = "-O";
				VALIDATE_PRODUCT = YES;
				VERSIONING_SYSTEM = "apple-generic";
				VERSION_INFO_PREFIX = "";
			};
			name = Release;
		};
		6FBF49B2273D486D00825776 /* Debug */ = {
			isa = XCBuildConfiguration;
			baseConfigurationReference = 0E108383E9D2808EB2D4519B /* Pods-UIComponents.debug.xcconfig */;
			buildSettings = {
				CLANG_ENABLE_MODULES = YES;
				CODE_SIGN_STYLE = Automatic;
				DEFINES_MODULE = YES;
				DEVELOPMENT_TEAM = NCFZ3UC6GU;
				DYLIB_COMPATIBILITY_VERSION = 1;
				DYLIB_CURRENT_VERSION = 1;
				DYLIB_INSTALL_NAME_BASE = "@rpath";
				INFOPLIST_FILE = UIComponents/Info.plist;
				INSTALL_PATH = "$(LOCAL_LIBRARY_DIR)/Frameworks";
				LD_RUNPATH_SEARCH_PATHS = (
					"$(inherited)",
					"@executable_path/Frameworks",
					"@loader_path/Frameworks",
				);
				PRODUCT_BUNDLE_IDENTIFIER = com.UIComponents;
				PRODUCT_NAME = "$(TARGET_NAME:c99extidentifier)";
				SKIP_INSTALL = YES;
				SWIFT_OPTIMIZATION_LEVEL = "-Onone";
				SWIFT_VERSION = 5.0;
				TARGETED_DEVICE_FAMILY = "1,2";
			};
			name = Debug;
		};
		6FBF49B3273D486D00825776 /* Release */ = {
			isa = XCBuildConfiguration;
			baseConfigurationReference = B9932D2E1BA6912732A80A6C /* Pods-UIComponents.release.xcconfig */;
			buildSettings = {
				CLANG_ENABLE_MODULES = YES;
				CODE_SIGN_STYLE = Automatic;
				DEFINES_MODULE = YES;
				DEVELOPMENT_TEAM = NCFZ3UC6GU;
				DYLIB_COMPATIBILITY_VERSION = 1;
				DYLIB_CURRENT_VERSION = 1;
				DYLIB_INSTALL_NAME_BASE = "@rpath";
				INFOPLIST_FILE = UIComponents/Info.plist;
				INSTALL_PATH = "$(LOCAL_LIBRARY_DIR)/Frameworks";
				LD_RUNPATH_SEARCH_PATHS = (
					"$(inherited)",
					"@executable_path/Frameworks",
					"@loader_path/Frameworks",
				);
				PRODUCT_BUNDLE_IDENTIFIER = com.UIComponents;
				PRODUCT_NAME = "$(TARGET_NAME:c99extidentifier)";
				SKIP_INSTALL = YES;
				SWIFT_VERSION = 5.0;
				TARGETED_DEVICE_FAMILY = "1,2";
			};
			name = Release;
		};
/* End XCBuildConfiguration section */

/* Begin XCConfigurationList section */
		6FBF49A3273D486D00825776 /* Build configuration list for PBXProject "UIComponents" */ = {
			isa = XCConfigurationList;
			buildConfigurations = (
				6FBF49AF273D486D00825776 /* Debug */,
				6FBF49B0273D486D00825776 /* Release */,
			);
			defaultConfigurationIsVisible = 0;
			defaultConfigurationName = Release;
		};
		6FBF49B1273D486D00825776 /* Build configuration list for PBXNativeTarget "UIComponents" */ = {
			isa = XCConfigurationList;
			buildConfigurations = (
				6FBF49B2273D486D00825776 /* Debug */,
				6FBF49B3273D486D00825776 /* Release */,
			);
			defaultConfigurationIsVisible = 0;
			defaultConfigurationName = Release;
		};
/* End XCConfigurationList section */
	};
	rootObject = 6FBF49A0273D486D00825776 /* Project object */;
}
